{
  "version": 4,
  "terraform_version": "1.9.5",
  "serial": 203,
  "lineage": "ec6d4bd2-f0f4-89fc-ee3c-8f7ffedd0a1a",
  "outputs": {},
  "resources": [
    {
      "mode": "managed",
      "type": "aws_budgets_budget",
      "name": "aws-budget",
      "provider": "provider[\"registry.terraform.io/hashicorp/aws\"]",
      "instances": [
        {
          "schema_version": 0,
          "attributes": {
            "account_id": "456004844534",
            "arn": "arn:aws:budgets::456004844534:budget/monthly-budget",
            "auto_adjust_data": [],
            "budget_type": "COST",
            "cost_filter": [],
            "cost_types": [
              {
                "include_credit": true,
                "include_discount": true,
                "include_other_subscription": true,
                "include_recurring": true,
                "include_refund": true,
                "include_subscription": true,
                "include_support": true,
                "include_tax": true,
                "include_upfront": true,
                "use_amortized": false,
                "use_blended": false
              }
            ],
            "id": "456004844534:monthly-budget",
            "limit_amount": "50.0",
            "limit_unit": "USD",
            "name": "monthly-budget",
            "name_prefix": "",
            "notification": [],
            "planned_limit": [],
            "tags": {},
            "tags_all": {},
            "time_period_end": "2087-06-15_00:00",
            "time_period_start": "2024-09-27_00:01",
            "time_unit": "MONTHLY"
          },
          "sensitive_attributes": [],
          "private": "bnVsbA=="
        }
      ]
    },
    {
      "module": "module.acm_request_certificate",
      "mode": "data",
      "type": "aws_route53_zone",
      "name": "default",
      "provider": "provider[\"registry.terraform.io/hashicorp/aws\"].aws-us-east-1",
      "instances": [
        {
          "index_key": 0,
          "schema_version": 0,
          "attributes": {
            "arn": "arn:aws:route53:::hostedzone/Z06437641R6SHV8X301QF",
            "caller_reference": "RISWorkflow-RD:5bbbc016-e7fd-48a0-bc29-9f053652a66d",
            "comment": "HostedZone created by Route53 Registrar",
            "id": "Z06437641R6SHV8X301QF",
            "linked_service_description": null,
            "linked_service_principal": null,
            "name": "hasemato.com",
            "name_servers": [
              "ns-527.awsdns-01.net",
              "ns-1818.awsdns-35.co.uk",
              "ns-330.awsdns-41.com",
              "ns-1514.awsdns-61.org"
            ],
            "primary_name_server": "ns-527.awsdns-01.net",
            "private_zone": false,
            "resource_record_set_count": 9,
            "tags": {},
            "vpc_id": null,
            "zone_id": "Z06437641R6SHV8X301QF"
          },
          "sensitive_attributes": []
        }
      ]
    },
    {
      "module": "module.acm_request_certificate",
      "mode": "managed",
      "type": "aws_acm_certificate",
      "name": "default",
      "provider": "provider[\"registry.terraform.io/hashicorp/aws\"].aws-us-east-1",
      "instances": [
        {
          "index_key": 0,
          "schema_version": 0,
          "attributes": {
            "arn": "arn:aws:acm:us-east-1:456004844534:certificate/82643991-3bc5-490c-84fa-a749a2a726fa",
            "certificate_authority_arn": "",
            "certificate_body": null,
            "certificate_chain": null,
            "domain_name": "hasemato.com",
            "domain_validation_options": [
              {
                "domain_name": "hasemato.com",
                "resource_record_name": "_5d5e6c1e4eb0946b128cd3b3d0d3faf3.hasemato.com.",
                "resource_record_type": "CNAME",
                "resource_record_value": "_f8e740f4bee13b1c4259969dba8c5b06.djqtsrsxkq.acm-validations.aws."
              },
              {
                "domain_name": "portal.wattlink.hasemato.com",
                "resource_record_name": "_054d5ecff63a44a7c3e2431f83687f5e.portal.wattlink.hasemato.com.",
                "resource_record_type": "CNAME",
                "resource_record_value": "_ad696c27ed08ced233215e302a14174d.djqtsrsxkq.acm-validations.aws."
              },
              {
                "domain_name": "wattlink-portal.hasemato.com",
                "resource_record_name": "_54d598854cdf344e1f030e7263cb127e.wattlink-portal.hasemato.com.",
                "resource_record_type": "CNAME",
                "resource_record_value": "_31057e99def1162ad4c70580bb0a629e.djqtsrsxkq.acm-validations.aws."
              }
            ],
            "early_renewal_duration": "",
            "id": "arn:aws:acm:us-east-1:456004844534:certificate/82643991-3bc5-490c-84fa-a749a2a726fa",
            "key_algorithm": "RSA_2048",
            "not_after": "2025-10-31T23:59:59Z",
            "not_before": "2024-10-02T00:00:00Z",
            "options": [
              {
                "certificate_transparency_logging_preference": "ENABLED"
              }
            ],
            "pending_renewal": false,
            "private_key": null,
            "renewal_eligibility": "ELIGIBLE",
            "renewal_summary": [],
            "status": "ISSUED",
            "subject_alternative_names": [
              "hasemato.com",
              "portal.wattlink.hasemato.com",
              "wattlink-portal.hasemato.com"
            ],
            "tags": {},
            "tags_all": {},
            "type": "AMAZON_ISSUED",
            "validation_emails": [],
            "validation_method": "DNS",
            "validation_option": []
          },
          "sensitive_attributes": [
            [
              {
                "type": "get_attr",
                "value": "private_key"
              }
            ]
          ],
          "private": "bnVsbA==",
          "create_before_destroy": true
        }
      ]
    },
    {
      "module": "module.acm_request_certificate",
      "mode": "managed",
      "type": "aws_route53_record",
      "name": "default",
      "provider": "provider[\"registry.terraform.io/hashicorp/aws\"].aws-us-east-1",
      "instances": [
        {
          "index_key": "hasemato.com",
          "schema_version": 2,
          "attributes": {
            "alias": [],
            "allow_overwrite": true,
            "cidr_routing_policy": [],
            "failover_routing_policy": [],
            "fqdn": "_5d5e6c1e4eb0946b128cd3b3d0d3faf3.hasemato.com",
            "geolocation_routing_policy": [],
            "geoproximity_routing_policy": [],
            "health_check_id": "",
            "id": "Z06437641R6SHV8X301QF__5d5e6c1e4eb0946b128cd3b3d0d3faf3.hasemato.com._CNAME",
            "latency_routing_policy": [],
            "multivalue_answer_routing_policy": false,
            "name": "_5d5e6c1e4eb0946b128cd3b3d0d3faf3.hasemato.com",
            "records": [
              "_f8e740f4bee13b1c4259969dba8c5b06.djqtsrsxkq.acm-validations.aws."
            ],
            "set_identifier": "",
            "ttl": 300,
            "type": "CNAME",
            "weighted_routing_policy": [],
            "zone_id": "Z06437641R6SHV8X301QF"
          },
          "sensitive_attributes": [],
          "private": "eyJzY2hlbWFfdmVyc2lvbiI6IjIifQ==",
          "dependencies": [
            "module.acm_request_certificate.aws_acm_certificate.default",
            "module.acm_request_certificate.data.aws_route53_zone.default"
          ],
          "create_before_destroy": true
        },
        {
          "index_key": "portal.wattlink.hasemato.com",
          "schema_version": 2,
          "attributes": {
            "alias": [],
            "allow_overwrite": true,
            "cidr_routing_policy": [],
            "failover_routing_policy": [],
            "fqdn": "_054d5ecff63a44a7c3e2431f83687f5e.portal.wattlink.hasemato.com",
            "geolocation_routing_policy": [],
            "geoproximity_routing_policy": [],
            "health_check_id": "",
            "id": "Z06437641R6SHV8X301QF__054d5ecff63a44a7c3e2431f83687f5e.portal.wattlink.hasemato.com._CNAME",
            "latency_routing_policy": [],
            "multivalue_answer_routing_policy": false,
            "name": "_054d5ecff63a44a7c3e2431f83687f5e.portal.wattlink.hasemato.com",
            "records": [
              "_ad696c27ed08ced233215e302a14174d.djqtsrsxkq.acm-validations.aws."
            ],
            "set_identifier": "",
            "ttl": 300,
            "type": "CNAME",
            "weighted_routing_policy": [],
            "zone_id": "Z06437641R6SHV8X301QF"
          },
          "sensitive_attributes": [],
          "private": "eyJzY2hlbWFfdmVyc2lvbiI6IjIifQ==",
          "dependencies": [
            "module.acm_request_certificate.aws_acm_certificate.default",
            "module.acm_request_certificate.data.aws_route53_zone.default"
          ],
          "create_before_destroy": true
        },
        {
          "index_key": "wattlink-portal.hasemato.com",
          "schema_version": 2,
          "attributes": {
            "alias": [],
            "allow_overwrite": true,
            "cidr_routing_policy": [],
            "failover_routing_policy": [],
            "fqdn": "_54d598854cdf344e1f030e7263cb127e.wattlink-portal.hasemato.com",
            "geolocation_routing_policy": [],
            "geoproximity_routing_policy": [],
            "health_check_id": "",
            "id": "Z06437641R6SHV8X301QF__54d598854cdf344e1f030e7263cb127e.wattlink-portal.hasemato.com._CNAME",
            "latency_routing_policy": [],
            "multivalue_answer_routing_policy": false,
            "name": "_54d598854cdf344e1f030e7263cb127e.wattlink-portal.hasemato.com",
            "records": [
              "_31057e99def1162ad4c70580bb0a629e.djqtsrsxkq.acm-validations.aws."
            ],
            "set_identifier": "",
            "ttl": 300,
            "type": "CNAME",
            "weighted_routing_policy": [],
            "zone_id": "Z06437641R6SHV8X301QF"
          },
          "sensitive_attributes": [],
          "private": "eyJzY2hlbWFfdmVyc2lvbiI6IjIifQ==",
          "dependencies": [
            "module.acm_request_certificate.aws_acm_certificate.default",
            "module.acm_request_certificate.data.aws_route53_zone.default"
          ],
          "create_before_destroy": true
        }
      ]
    },
    {
      "module": "module.cdn",
      "mode": "data",
      "type": "aws_iam_policy_document",
      "name": "combined",
      "provider": "provider[\"registry.terraform.io/hashicorp/aws\"]",
      "instances": [
        {
          "index_key": 0,
          "schema_version": 0,
          "attributes": {
            "id": "1945321712",
            "json": "{\n  \"Version\": \"2012-10-17\",\n  \"Statement\": [\n    {\n      \"Sid\": \"S3GetObjectForCloudFront\",\n      \"Effect\": \"Allow\",\n      \"Action\": \"s3:GetObject\",\n      \"Resource\": \"arn:aws:s3:::wattlink-test-portal-origin/*\",\n      \"Principal\": {\n        \"AWS\": \"arn:aws:iam::cloudfront:user/CloudFront Origin Access Identity E12TTBRYUDWUY2\"\n      }\n    },\n    {\n      \"Sid\": \"S3ListBucketForCloudFront\",\n      \"Effect\": \"Allow\",\n      \"Action\": \"s3:ListBucket\",\n      \"Resource\": \"arn:aws:s3:::wattlink-test-portal-origin\",\n      \"Principal\": {\n        \"AWS\": \"arn:aws:iam::cloudfront:user/CloudFront Origin Access Identity E12TTBRYUDWUY2\"\n      }\n    },\n    {\n      \"Sid\": \"ForceSSLOnlyAccess\",\n      \"Effect\": \"Deny\",\n      \"Action\": \"s3:*\",\n      \"Resource\": [\n        \"arn:aws:s3:::wattlink-test-portal-origin/*\",\n        \"arn:aws:s3:::wattlink-test-portal-origin\"\n      ],\n      \"Principal\": \"*\",\n      \"Condition\": {\n        \"Bool\": {\n          \"aws:SecureTransport\": \"false\"\n        }\n      }\n    },\n    {\n      \"Effect\": \"Allow\",\n      \"Action\": [\n        \"s3:PutObjectAcl\",\n        \"s3:PutObject\",\n        \"s3:ListBucketMultipartUploads\",\n        \"s3:ListBucket\",\n        \"s3:GetObject\",\n        \"s3:GetBucketLocation\",\n        \"s3:DeleteObject\",\n        \"s3:AbortMultipartUpload\"\n      ],\n      \"Resource\": [\n        \"arn:aws:s3:::wattlink-test-portal-origin/*\",\n        \"arn:aws:s3:::wattlink-test-portal-origin\"\n      ],\n      \"Principal\": {\n        \"AWS\": \"arn:aws:iam::456004844534:user/lynqtech-macbook-iam\"\n      }\n    }\n  ]\n}",
            "minified_json": "{\"Version\":\"2012-10-17\",\"Statement\":[{\"Sid\":\"S3GetObjectForCloudFront\",\"Effect\":\"Allow\",\"Action\":\"s3:GetObject\",\"Resource\":\"arn:aws:s3:::wattlink-test-portal-origin/*\",\"Principal\":{\"AWS\":\"arn:aws:iam::cloudfront:user/CloudFront Origin Access Identity E12TTBRYUDWUY2\"}},{\"Sid\":\"S3ListBucketForCloudFront\",\"Effect\":\"Allow\",\"Action\":\"s3:ListBucket\",\"Resource\":\"arn:aws:s3:::wattlink-test-portal-origin\",\"Principal\":{\"AWS\":\"arn:aws:iam::cloudfront:user/CloudFront Origin Access Identity E12TTBRYUDWUY2\"}},{\"Sid\":\"ForceSSLOnlyAccess\",\"Effect\":\"Deny\",\"Action\":\"s3:*\",\"Resource\":[\"arn:aws:s3:::wattlink-test-portal-origin/*\",\"arn:aws:s3:::wattlink-test-portal-origin\"],\"Principal\":\"*\",\"Condition\":{\"Bool\":{\"aws:SecureTransport\":\"false\"}}},{\"Effect\":\"Allow\",\"Action\":[\"s3:PutObjectAcl\",\"s3:PutObject\",\"s3:ListBucketMultipartUploads\",\"s3:ListBucket\",\"s3:GetObject\",\"s3:GetBucketLocation\",\"s3:DeleteObject\",\"s3:AbortMultipartUpload\"],\"Resource\":[\"arn:aws:s3:::wattlink-test-portal-origin/*\",\"arn:aws:s3:::wattlink-test-portal-origin\"],\"Principal\":{\"AWS\":\"arn:aws:iam::456004844534:user/lynqtech-macbook-iam\"}}]}",
            "override_json": null,
            "override_policy_documents": null,
            "policy_id": null,
            "source_json": null,
            "source_policy_documents": [
              "{\n  \"Version\": \"2012-10-17\",\n  \"Statement\": [\n    {\n      \"Sid\": \"S3GetObjectForCloudFront\",\n      \"Effect\": \"Allow\",\n      \"Action\": \"s3:GetObject\",\n      \"Resource\": \"arn:aws:s3:::wattlink-test-portal-origin/*\",\n      \"Principal\": {\n        \"AWS\": \"arn:aws:iam::cloudfront:user/CloudFront Origin Access Identity E12TTBRYUDWUY2\"\n      }\n    },\n    {\n      \"Sid\": \"S3ListBucketForCloudFront\",\n      \"Effect\": \"Allow\",\n      \"Action\": \"s3:ListBucket\",\n      \"Resource\": \"arn:aws:s3:::wattlink-test-portal-origin\",\n      \"Principal\": {\n        \"AWS\": \"arn:aws:iam::cloudfront:user/CloudFront Origin Access Identity E12TTBRYUDWUY2\"\n      }\n    }\n  ]\n}",
              "{\n  \"Version\": \"2012-10-17\",\n  \"Statement\": [\n    {\n      \"Sid\": \"ForceSSLOnlyAccess\",\n      \"Effect\": \"Deny\",\n      \"Action\": \"s3:*\",\n      \"Resource\": [\n        \"arn:aws:s3:::wattlink-test-portal-origin/*\",\n        \"arn:aws:s3:::wattlink-test-portal-origin\"\n      ],\n      \"Principal\": \"*\",\n      \"Condition\": {\n        \"Bool\": {\n          \"aws:SecureTransport\": \"false\"\n        }\n      }\n    }\n  ]\n}",
              "{\n  \"Version\": \"2012-10-17\",\n  \"Statement\": [\n    {\n      \"Effect\": \"Allow\",\n      \"Action\": [\n        \"s3:PutObjectAcl\",\n        \"s3:PutObject\",\n        \"s3:ListBucketMultipartUploads\",\n        \"s3:ListBucket\",\n        \"s3:GetObject\",\n        \"s3:GetBucketLocation\",\n        \"s3:DeleteObject\",\n        \"s3:AbortMultipartUpload\"\n      ],\n      \"Resource\": [\n        \"arn:aws:s3:::wattlink-test-portal-origin/*\",\n        \"arn:aws:s3:::wattlink-test-portal-origin\"\n      ],\n      \"Principal\": {\n        \"AWS\": \"arn:aws:iam::456004844534:user/lynqtech-macbook-iam\"\n      }\n    }\n  ]\n}"
            ],
            "statement": null,
            "version": "2012-10-17"
          },
          "sensitive_attributes": []
        }
      ]
    },
    {
      "module": "module.cdn",
      "mode": "data",
      "type": "aws_iam_policy_document",
      "name": "deployment",
      "provider": "provider[\"registry.terraform.io/hashicorp/aws\"]",
      "instances": [
        {
          "index_key": "arn:aws:iam::456004844534:user/lynqtech-macbook-iam",
          "schema_version": 0,
          "attributes": {
            "id": "2227907897",
            "json": "{\n  \"Version\": \"2012-10-17\",\n  \"Statement\": [\n    {\n      \"Effect\": \"Allow\",\n      \"Action\": [\n        \"s3:PutObjectAcl\",\n        \"s3:PutObject\",\n        \"s3:ListBucketMultipartUploads\",\n        \"s3:ListBucket\",\n        \"s3:GetObject\",\n        \"s3:GetBucketLocation\",\n        \"s3:DeleteObject\",\n        \"s3:AbortMultipartUpload\"\n      ],\n      \"Resource\": [\n        \"arn:aws:s3:::wattlink-test-portal-origin/*\",\n        \"arn:aws:s3:::wattlink-test-portal-origin\"\n      ],\n      \"Principal\": {\n        \"AWS\": \"arn:aws:iam::456004844534:user/lynqtech-macbook-iam\"\n      }\n    }\n  ]\n}",
            "minified_json": "{\"Version\":\"2012-10-17\",\"Statement\":[{\"Effect\":\"Allow\",\"Action\":[\"s3:PutObjectAcl\",\"s3:PutObject\",\"s3:ListBucketMultipartUploads\",\"s3:ListBucket\",\"s3:GetObject\",\"s3:GetBucketLocation\",\"s3:DeleteObject\",\"s3:AbortMultipartUpload\"],\"Resource\":[\"arn:aws:s3:::wattlink-test-portal-origin/*\",\"arn:aws:s3:::wattlink-test-portal-origin\"],\"Principal\":{\"AWS\":\"arn:aws:iam::456004844534:user/lynqtech-macbook-iam\"}}]}",
            "override_json": null,
            "override_policy_documents": null,
            "policy_id": null,
            "source_json": null,
            "source_policy_documents": null,
            "statement": [
              {
                "actions": [
                  "s3:AbortMultipartUpload",
                  "s3:DeleteObject",
                  "s3:GetBucketLocation",
                  "s3:GetObject",
                  "s3:ListBucket",
                  "s3:ListBucketMultipartUploads",
                  "s3:PutObject",
                  "s3:PutObjectAcl"
                ],
                "condition": [],
                "effect": "Allow",
                "not_actions": [],
                "not_principals": [],
                "not_resources": [],
                "principals": [
                  {
                    "identifiers": [
                      "arn:aws:iam::456004844534:user/lynqtech-macbook-iam"
                    ],
                    "type": "AWS"
                  }
                ],
                "resources": [
                  "arn:aws:s3:::wattlink-test-portal-origin",
                  "arn:aws:s3:::wattlink-test-portal-origin/*"
                ],
                "sid": ""
              }
            ],
            "version": "2012-10-17"
          },
          "sensitive_attributes": []
        }
      ]
    },
    {
      "module": "module.cdn",
      "mode": "data",
      "type": "aws_iam_policy_document",
      "name": "s3_origin",
      "provider": "provider[\"registry.terraform.io/hashicorp/aws\"]",
      "instances": [
        {
          "index_key": 0,
          "schema_version": 0,
          "attributes": {
            "id": "3096433889",
            "json": "{\n  \"Version\": \"2012-10-17\",\n  \"Statement\": [\n    {\n      \"Sid\": \"S3GetObjectForCloudFront\",\n      \"Effect\": \"Allow\",\n      \"Action\": \"s3:GetObject\",\n      \"Resource\": \"arn:aws:s3:::wattlink-test-portal-origin/*\",\n      \"Principal\": {\n        \"AWS\": \"arn:aws:iam::cloudfront:user/CloudFront Origin Access Identity E12TTBRYUDWUY2\"\n      }\n    },\n    {\n      \"Sid\": \"S3ListBucketForCloudFront\",\n      \"Effect\": \"Allow\",\n      \"Action\": \"s3:ListBucket\",\n      \"Resource\": \"arn:aws:s3:::wattlink-test-portal-origin\",\n      \"Principal\": {\n        \"AWS\": \"arn:aws:iam::cloudfront:user/CloudFront Origin Access Identity E12TTBRYUDWUY2\"\n      }\n    }\n  ]\n}",
            "minified_json": "{\"Version\":\"2012-10-17\",\"Statement\":[{\"Sid\":\"S3GetObjectForCloudFront\",\"Effect\":\"Allow\",\"Action\":\"s3:GetObject\",\"Resource\":\"arn:aws:s3:::wattlink-test-portal-origin/*\",\"Principal\":{\"AWS\":\"arn:aws:iam::cloudfront:user/CloudFront Origin Access Identity E12TTBRYUDWUY2\"}},{\"Sid\":\"S3ListBucketForCloudFront\",\"Effect\":\"Allow\",\"Action\":\"s3:ListBucket\",\"Resource\":\"arn:aws:s3:::wattlink-test-portal-origin\",\"Principal\":{\"AWS\":\"arn:aws:iam::cloudfront:user/CloudFront Origin Access Identity E12TTBRYUDWUY2\"}}]}",
            "override_json": null,
            "override_policy_documents": [
              "{}"
            ],
            "policy_id": null,
            "source_json": null,
            "source_policy_documents": null,
            "statement": [
              {
                "actions": [
                  "s3:GetObject"
                ],
                "condition": [],
                "effect": "Allow",
                "not_actions": [],
                "not_principals": [],
                "not_resources": [],
                "principals": [
                  {
                    "identifiers": [
                      "arn:aws:iam::cloudfront:user/CloudFront Origin Access Identity E12TTBRYUDWUY2"
                    ],
                    "type": "AWS"
                  }
                ],
                "resources": [
                  "arn:aws:s3:::wattlink-test-portal-origin/*"
                ],
                "sid": "S3GetObjectForCloudFront"
              },
              {
                "actions": [
                  "s3:ListBucket"
                ],
                "condition": [],
                "effect": "Allow",
                "not_actions": [],
                "not_principals": [],
                "not_resources": [],
                "principals": [
                  {
                    "identifiers": [
                      "arn:aws:iam::cloudfront:user/CloudFront Origin Access Identity E12TTBRYUDWUY2"
                    ],
                    "type": "AWS"
                  }
                ],
                "resources": [
                  "arn:aws:s3:::wattlink-test-portal-origin"
                ],
                "sid": "S3ListBucketForCloudFront"
              }
            ],
            "version": "2012-10-17"
          },
          "sensitive_attributes": []
        }
      ]
    },
    {
      "module": "module.cdn",
      "mode": "data",
      "type": "aws_iam_policy_document",
      "name": "s3_ssl_only",
      "provider": "provider[\"registry.terraform.io/hashicorp/aws\"]",
      "instances": [
        {
          "index_key": 0,
          "schema_version": 0,
          "attributes": {
            "id": "1306744135",
            "json": "{\n  \"Version\": \"2012-10-17\",\n  \"Statement\": [\n    {\n      \"Sid\": \"ForceSSLOnlyAccess\",\n      \"Effect\": \"Deny\",\n      \"Action\": \"s3:*\",\n      \"Resource\": [\n        \"arn:aws:s3:::wattlink-test-portal-origin/*\",\n        \"arn:aws:s3:::wattlink-test-portal-origin\"\n      ],\n      \"Principal\": \"*\",\n      \"Condition\": {\n        \"Bool\": {\n          \"aws:SecureTransport\": \"false\"\n        }\n      }\n    }\n  ]\n}",
            "minified_json": "{\"Version\":\"2012-10-17\",\"Statement\":[{\"Sid\":\"ForceSSLOnlyAccess\",\"Effect\":\"Deny\",\"Action\":\"s3:*\",\"Resource\":[\"arn:aws:s3:::wattlink-test-portal-origin/*\",\"arn:aws:s3:::wattlink-test-portal-origin\"],\"Principal\":\"*\",\"Condition\":{\"Bool\":{\"aws:SecureTransport\":\"false\"}}}]}",
            "override_json": null,
            "override_policy_documents": null,
            "policy_id": null,
            "source_json": null,
            "source_policy_documents": null,
            "statement": [
              {
                "actions": [
                  "s3:*"
                ],
                "condition": [
                  {
                    "test": "Bool",
                    "values": [
                      "false"
                    ],
                    "variable": "aws:SecureTransport"
                  }
                ],
                "effect": "Deny",
                "not_actions": [],
                "not_principals": [],
                "not_resources": [],
                "principals": [
                  {
                    "identifiers": [
                      "*"
                    ],
                    "type": "*"
                  }
                ],
                "resources": [
                  "arn:aws:s3:::wattlink-test-portal-origin",
                  "arn:aws:s3:::wattlink-test-portal-origin/*"
                ],
                "sid": "ForceSSLOnlyAccess"
              }
            ],
            "version": "2012-10-17"
          },
          "sensitive_attributes": []
        }
      ]
    },
    {
      "module": "module.cdn",
      "mode": "data",
      "type": "aws_partition",
      "name": "current",
      "provider": "provider[\"registry.terraform.io/hashicorp/aws\"]",
      "instances": [
        {
          "index_key": 0,
          "schema_version": 0,
          "attributes": {
            "dns_suffix": "amazonaws.com",
            "id": "aws",
            "partition": "aws",
            "reverse_dns_prefix": "com.amazonaws"
          },
          "sensitive_attributes": []
        }
      ]
    },
    {
      "module": "module.cdn",
      "mode": "data",
      "type": "aws_region",
      "name": "current",
      "provider": "provider[\"registry.terraform.io/hashicorp/aws\"]",
      "instances": [
        {
          "index_key": 0,
          "schema_version": 0,
          "attributes": {
            "description": "Europe (Frankfurt)",
            "endpoint": "ec2.eu-central-1.amazonaws.com",
            "id": "eu-central-1",
            "name": "eu-central-1"
          },
          "sensitive_attributes": []
        }
      ]
    },
    {
      "module": "module.cdn",
      "mode": "managed",
      "type": "aws_cloudfront_distribution",
      "name": "default",
      "provider": "provider[\"registry.terraform.io/hashicorp/aws\"]",
      "instances": [
        {
          "index_key": 0,
          "schema_version": 1,
          "attributes": {
            "aliases": [
              "portal.wattlink.hasemato.com",
              "wattlink-portal.hasemato.com"
            ],
            "arn": "arn:aws:cloudfront::456004844534:distribution/E3V9LKE1W0F18M",
            "caller_reference": "terraform-20240927131646167400000002",
            "comment": "Managed by Terraform",
            "continuous_deployment_policy_id": "",
            "custom_error_response": [],
            "default_cache_behavior": [
              {
                "allowed_methods": [
                  "DELETE",
                  "GET",
                  "HEAD",
                  "OPTIONS",
                  "PATCH",
                  "POST",
                  "PUT"
                ],
                "cache_policy_id": "",
                "cached_methods": [
                  "GET",
                  "HEAD"
                ],
                "compress": true,
                "default_ttl": 60,
                "field_level_encryption_id": "",
                "forwarded_values": [
                  {
                    "cookies": [
                      {
                        "forward": "none",
                        "whitelisted_names": []
                      }
                    ],
                    "headers": [
                      "Access-Control-Request-Headers",
                      "Access-Control-Request-Method",
                      "Origin"
                    ],
                    "query_string": false,
                    "query_string_cache_keys": []
                  }
                ],
                "function_association": [],
                "lambda_function_association": [],
                "max_ttl": 31536000,
                "min_ttl": 0,
                "origin_request_policy_id": "",
                "realtime_log_config_arn": "",
                "response_headers_policy_id": "",
                "smooth_streaming": false,
                "target_origin_id": "wattlink-test-portal",
                "trusted_key_groups": [],
                "trusted_signers": [],
                "viewer_protocol_policy": "redirect-to-https"
              }
            ],
            "default_root_object": "index.html",
            "domain_name": "d3bbto4kyy71i8.cloudfront.net",
            "enabled": true,
            "etag": "E64Q66M2S5786",
            "hosted_zone_id": "Z2FDTNDATAQYW2",
            "http_version": "http2",
            "id": "E3V9LKE1W0F18M",
            "in_progress_validation_batches": 0,
            "is_ipv6_enabled": true,
            "last_modified_time": "2024-10-02 13:32:34.887 +0000 UTC",
            "logging_config": [
              {
                "bucket": "wattlink-test-portal-logs.s3.amazonaws.com",
                "include_cookies": false,
                "prefix": ""
              }
            ],
            "ordered_cache_behavior": [],
            "origin": [
              {
                "connection_attempts": 3,
                "connection_timeout": 10,
                "custom_header": [],
                "custom_origin_config": [],
                "domain_name": "wattlink-test-portal-origin.s3.eu-central-1.amazonaws.com",
                "origin_access_control_id": "",
                "origin_id": "wattlink-test-portal",
                "origin_path": "",
                "origin_shield": [],
                "s3_origin_config": [
                  {
                    "origin_access_identity": "origin-access-identity/cloudfront/E12TTBRYUDWUY2"
                  }
                ]
              }
            ],
            "origin_group": [],
            "price_class": "PriceClass_100",
            "restrictions": [
              {
                "geo_restriction": [
                  {
                    "locations": [],
                    "restriction_type": "none"
                  }
                ]
              }
            ],
            "retain_on_delete": false,
            "staging": false,
            "status": "Deployed",
            "tags": {
              "Name": "wattlink-test-portal",
              "Namespace": "wattlink",
              "Stage": "test"
            },
            "tags_all": {
              "Name": "wattlink-test-portal",
              "Namespace": "wattlink",
              "Stage": "test"
            },
            "trusted_key_groups": [
              {
                "enabled": false,
                "items": []
              }
            ],
            "trusted_signers": [
              {
                "enabled": false,
                "items": []
              }
            ],
            "viewer_certificate": [
              {
                "acm_certificate_arn": "arn:aws:acm:us-east-1:456004844534:certificate/82643991-3bc5-490c-84fa-a749a2a726fa",
                "cloudfront_default_certificate": false,
                "iam_certificate_id": "",
                "minimum_protocol_version": "TLSv1.2_2019",
                "ssl_support_method": "sni-only"
              }
            ],
            "wait_for_deployment": true,
            "web_acl_id": ""
          },
          "sensitive_attributes": [],
          "private": "eyJzY2hlbWFfdmVyc2lvbiI6IjEifQ==",
          "dependencies": [
            "module.acm_request_certificate.aws_acm_certificate.default",
            "module.acm_request_certificate.aws_acm_certificate_validation.default",
            "module.acm_request_certificate.aws_route53_record.default",
            "module.acm_request_certificate.data.aws_route53_zone.default",
            "module.cdn.aws_cloudfront_origin_access_identity.default",
            "module.cdn.aws_s3_bucket.origin",
            "module.cdn.aws_s3_bucket_ownership_controls.origin",
            "module.cdn.aws_s3_bucket_policy.default",
            "module.cdn.aws_s3_bucket_public_access_block.origin",
            "module.cdn.data.aws_iam_policy_document.combined",
            "module.cdn.data.aws_iam_policy_document.deployment",
            "module.cdn.data.aws_iam_policy_document.s3_origin",
            "module.cdn.data.aws_iam_policy_document.s3_ssl_only",
            "module.cdn.data.aws_iam_policy_document.s3_website_origin",
            "module.cdn.data.aws_partition.current",
            "module.cdn.data.aws_region.current",
            "module.cdn.data.aws_s3_bucket.cf_logs",
            "module.cdn.data.aws_s3_bucket.origin",
            "module.cdn.module.logs.module.aws_s3_bucket.aws_s3_bucket.default",
            "module.cdn.random_password.referer",
            "module.cdn.time_sleep.wait_for_aws_s3_bucket_settings"
          ]
        }
      ]
    },
    {
      "module": "module.cdn",
      "mode": "managed",
      "type": "aws_cloudfront_origin_access_identity",
      "name": "default",
      "provider": "provider[\"registry.terraform.io/hashicorp/aws\"]",
      "instances": [
        {
          "index_key": 0,
          "schema_version": 0,
          "attributes": {
            "caller_reference": "terraform-20240927131605060800000001",
            "cloudfront_access_identity_path": "origin-access-identity/cloudfront/E12TTBRYUDWUY2",
            "comment": "wattlink-test-portal",
            "etag": "E2XDTI40OLEV79",
            "iam_arn": "arn:aws:iam::cloudfront:user/CloudFront Origin Access Identity E12TTBRYUDWUY2",
            "id": "E12TTBRYUDWUY2",
            "s3_canonical_user_id": "d3e77c1880a5fcc66aa0fc4ce3ef7e3ca5d574f741a12b2a2f8fa675537baca4c8485193f72a055d95a900e565dce797"
          },
          "sensitive_attributes": [],
          "private": "bnVsbA==",
          "dependencies": [
            "module.acm_request_certificate.aws_acm_certificate.default",
            "module.acm_request_certificate.aws_acm_certificate_validation.default",
            "module.acm_request_certificate.aws_route53_record.default",
            "module.acm_request_certificate.data.aws_route53_zone.default"
          ]
        }
      ]
    },
    {
      "module": "module.cdn",
      "mode": "managed",
      "type": "aws_s3_bucket",
      "name": "origin",
      "provider": "provider[\"registry.terraform.io/hashicorp/aws\"]",
      "instances": [
        {
          "index_key": 0,
          "schema_version": 0,
          "attributes": {
            "acceleration_status": "",
            "acl": null,
            "arn": "arn:aws:s3:::wattlink-test-portal-origin",
            "bucket": "wattlink-test-portal-origin",
            "bucket_domain_name": "wattlink-test-portal-origin.s3.amazonaws.com",
            "bucket_prefix": "",
            "bucket_regional_domain_name": "wattlink-test-portal-origin.s3.eu-central-1.amazonaws.com",
            "cors_rule": [
              {
                "allowed_headers": [
                  "*"
                ],
                "allowed_methods": [
                  "GET"
                ],
                "allowed_origins": [
                  "wattlink-portal.hasemato.com"
                ],
                "expose_headers": [
                  "ETag"
                ],
                "max_age_seconds": 3600
              },
              {
                "allowed_headers": [
                  "*"
                ],
                "allowed_methods": [
                  "GET"
                ],
                "allowed_origins": [
                  "portal.wattlink.hasemato.com"
                ],
                "expose_headers": [
                  "ETag"
                ],
                "max_age_seconds": 3600
              }
            ],
            "force_destroy": false,
            "grant": [
              {
                "id": "30ab2a9766c1acf17cf0326867ed02b1315681c8b266a028a6c5d814df1bb322",
                "permissions": [
                  "FULL_CONTROL"
                ],
                "type": "CanonicalUser",
                "uri": ""
              }
            ],
            "hosted_zone_id": "Z21DNDUVLTQW6Q",
            "id": "wattlink-test-portal-origin",
            "lifecycle_rule": [],
            "logging": [],
            "object_lock_configuration": [],
            "object_lock_enabled": false,
            "policy": "{\"Statement\":[{\"Action\":\"s3:GetObject\",\"Effect\":\"Allow\",\"Principal\":{\"AWS\":\"arn:aws:iam::cloudfront:user/CloudFront Origin Access Identity E12TTBRYUDWUY2\"},\"Resource\":\"arn:aws:s3:::wattlink-test-portal-origin/*\",\"Sid\":\"S3GetObjectForCloudFront\"},{\"Action\":\"s3:ListBucket\",\"Effect\":\"Allow\",\"Principal\":{\"AWS\":\"arn:aws:iam::cloudfront:user/CloudFront Origin Access Identity E12TTBRYUDWUY2\"},\"Resource\":\"arn:aws:s3:::wattlink-test-portal-origin\",\"Sid\":\"S3ListBucketForCloudFront\"},{\"Action\":\"s3:*\",\"Condition\":{\"Bool\":{\"aws:SecureTransport\":\"false\"}},\"Effect\":\"Deny\",\"Principal\":\"*\",\"Resource\":[\"arn:aws:s3:::wattlink-test-portal-origin/*\",\"arn:aws:s3:::wattlink-test-portal-origin\"],\"Sid\":\"ForceSSLOnlyAccess\"},{\"Action\":[\"s3:PutObjectAcl\",\"s3:PutObject\",\"s3:ListBucketMultipartUploads\",\"s3:ListBucket\",\"s3:GetObject\",\"s3:GetBucketLocation\",\"s3:DeleteObject\",\"s3:AbortMultipartUpload\"],\"Effect\":\"Allow\",\"Principal\":{\"AWS\":\"arn:aws:iam::456004844534:user/lynqtech-macbook-iam\"},\"Resource\":[\"arn:aws:s3:::wattlink-test-portal-origin/*\",\"arn:aws:s3:::wattlink-test-portal-origin\"]}],\"Version\":\"2012-10-17\"}",
            "region": "eu-central-1",
            "replication_configuration": [],
            "request_payer": "BucketOwner",
            "server_side_encryption_configuration": [
              {
                "rule": [
                  {
                    "apply_server_side_encryption_by_default": [
                      {
                        "kms_master_key_id": "",
                        "sse_algorithm": "AES256"
                      }
                    ],
                    "bucket_key_enabled": false
                  }
                ]
              }
            ],
            "tags": {
              "Attributes": "origin",
              "Name": "wattlink-test-portal-origin",
              "Namespace": "wattlink",
              "Stage": "test"
            },
            "tags_all": {
              "Attributes": "origin",
              "Name": "wattlink-test-portal-origin",
              "Namespace": "wattlink",
              "Stage": "test"
            },
            "timeouts": null,
            "versioning": [
              {
                "enabled": false,
                "mfa_delete": false
              }
            ],
            "website": [
              {
                "error_document": "",
                "index_document": "index.html",
                "redirect_all_requests_to": "",
                "routing_rules": ""
              }
            ],
            "website_domain": "s3-website.eu-central-1.amazonaws.com",
            "website_endpoint": "wattlink-test-portal-origin.s3-website.eu-central-1.amazonaws.com"
          },
          "sensitive_attributes": [],
          "private": "eyJlMmJmYjczMC1lY2FhLTExZTYtOGY4OC0zNDM2M2JjN2M0YzAiOnsiY3JlYXRlIjoxMjAwMDAwMDAwMDAwLCJkZWxldGUiOjM2MDAwMDAwMDAwMDAsInJlYWQiOjEyMDAwMDAwMDAwMDAsInVwZGF0ZSI6MTIwMDAwMDAwMDAwMH19",
          "dependencies": [
            "module.acm_request_certificate.aws_acm_certificate.default",
            "module.acm_request_certificate.aws_acm_certificate_validation.default",
            "module.acm_request_certificate.aws_route53_record.default",
            "module.acm_request_certificate.data.aws_route53_zone.default"
          ]
        }
      ]
    },
    {
      "module": "module.cdn",
      "mode": "managed",
      "type": "aws_s3_bucket_acl",
      "name": "origin",
      "provider": "provider[\"registry.terraform.io/hashicorp/aws\"]",
      "instances": [
        {
          "index_key": 0,
          "schema_version": 0,
          "attributes": {
            "access_control_policy": [
              {
                "grant": [
                  {
                    "grantee": [
                      {
                        "display_name": "",
                        "email_address": "",
                        "id": "30ab2a9766c1acf17cf0326867ed02b1315681c8b266a028a6c5d814df1bb322",
                        "type": "CanonicalUser",
                        "uri": ""
                      }
                    ],
                    "permission": "FULL_CONTROL"
                  }
                ],
                "owner": [
                  {
                    "display_name": "",
                    "id": "30ab2a9766c1acf17cf0326867ed02b1315681c8b266a028a6c5d814df1bb322"
                  }
                ]
              }
            ],
            "acl": "private",
            "bucket": "wattlink-test-portal-origin",
            "expected_bucket_owner": "",
            "id": "wattlink-test-portal-origin,private"
          },
          "sensitive_attributes": [],
          "private": "bnVsbA==",
          "dependencies": [
            "module.acm_request_certificate.aws_acm_certificate.default",
            "module.acm_request_certificate.aws_acm_certificate_validation.default",
            "module.acm_request_certificate.aws_route53_record.default",
            "module.acm_request_certificate.data.aws_route53_zone.default",
            "module.cdn.aws_cloudfront_origin_access_identity.default",
            "module.cdn.aws_s3_bucket.origin",
            "module.cdn.aws_s3_bucket_ownership_controls.origin",
            "module.cdn.aws_s3_bucket_policy.default",
            "module.cdn.aws_s3_bucket_public_access_block.origin",
            "module.cdn.data.aws_iam_policy_document.combined",
            "module.cdn.data.aws_iam_policy_document.deployment",
            "module.cdn.data.aws_iam_policy_document.s3_origin",
            "module.cdn.data.aws_iam_policy_document.s3_ssl_only",
            "module.cdn.data.aws_iam_policy_document.s3_website_origin",
            "module.cdn.data.aws_partition.current",
            "module.cdn.data.aws_s3_bucket.origin",
            "module.cdn.random_password.referer",
            "module.cdn.time_sleep.wait_for_aws_s3_bucket_settings"
          ]
        }
      ]
    },
    {
      "module": "module.cdn",
      "mode": "managed",
      "type": "aws_s3_bucket_cors_configuration",
      "name": "origin",
      "provider": "provider[\"registry.terraform.io/hashicorp/aws\"]",
      "instances": [
        {
          "index_key": 0,
          "schema_version": 0,
          "attributes": {
            "bucket": "wattlink-test-portal-origin",
            "cors_rule": [
              {
                "allowed_headers": [
                  "*"
                ],
                "allowed_methods": [
                  "GET"
                ],
                "allowed_origins": [
                  "portal.wattlink.hasemato.com"
                ],
                "expose_headers": [
                  "ETag"
                ],
                "id": "",
                "max_age_seconds": 3600
              },
              {
                "allowed_headers": [
                  "*"
                ],
                "allowed_methods": [
                  "GET"
                ],
                "allowed_origins": [
                  "wattlink-portal.hasemato.com"
                ],
                "expose_headers": [
                  "ETag"
                ],
                "id": "",
                "max_age_seconds": 3600
              }
            ],
            "expected_bucket_owner": "",
            "id": "wattlink-test-portal-origin"
          },
          "sensitive_attributes": [],
          "private": "bnVsbA==",
          "dependencies": [
            "module.acm_request_certificate.aws_acm_certificate.default",
            "module.acm_request_certificate.aws_acm_certificate_validation.default",
            "module.acm_request_certificate.aws_route53_record.default",
            "module.acm_request_certificate.data.aws_route53_zone.default",
            "module.cdn.aws_s3_bucket.origin"
          ]
        }
      ]
    },
    {
      "module": "module.cdn",
      "mode": "managed",
      "type": "aws_s3_bucket_ownership_controls",
      "name": "origin",
      "provider": "provider[\"registry.terraform.io/hashicorp/aws\"]",
      "instances": [
        {
          "index_key": 0,
          "schema_version": 0,
          "attributes": {
            "bucket": "wattlink-test-portal-origin",
            "id": "wattlink-test-portal-origin",
            "rule": [
              {
                "object_ownership": "ObjectWriter"
              }
            ]
          },
          "sensitive_attributes": [],
          "private": "bnVsbA==",
          "dependencies": [
            "module.acm_request_certificate.aws_acm_certificate.default",
            "module.acm_request_certificate.aws_acm_certificate_validation.default",
            "module.acm_request_certificate.aws_route53_record.default",
            "module.acm_request_certificate.data.aws_route53_zone.default",
            "module.cdn.aws_cloudfront_origin_access_identity.default",
            "module.cdn.aws_s3_bucket.origin",
            "module.cdn.aws_s3_bucket_policy.default",
            "module.cdn.aws_s3_bucket_public_access_block.origin",
            "module.cdn.data.aws_iam_policy_document.combined",
            "module.cdn.data.aws_iam_policy_document.deployment",
            "module.cdn.data.aws_iam_policy_document.s3_origin",
            "module.cdn.data.aws_iam_policy_document.s3_ssl_only",
            "module.cdn.data.aws_iam_policy_document.s3_website_origin",
            "module.cdn.data.aws_partition.current",
            "module.cdn.data.aws_s3_bucket.origin",
            "module.cdn.random_password.referer",
            "module.cdn.time_sleep.wait_for_aws_s3_bucket_settings"
          ]
        }
      ]
    },
    {
      "module": "module.cdn",
      "mode": "managed",
      "type": "aws_s3_bucket_policy",
      "name": "default",
      "provider": "provider[\"registry.terraform.io/hashicorp/aws\"]",
      "instances": [
        {
          "index_key": 0,
          "schema_version": 0,
          "attributes": {
            "bucket": "wattlink-test-portal-origin",
            "id": "wattlink-test-portal-origin",
            "policy": "{\"Statement\":[{\"Action\":\"s3:GetObject\",\"Effect\":\"Allow\",\"Principal\":{\"AWS\":\"arn:aws:iam::cloudfront:user/CloudFront Origin Access Identity E12TTBRYUDWUY2\"},\"Resource\":\"arn:aws:s3:::wattlink-test-portal-origin/*\",\"Sid\":\"S3GetObjectForCloudFront\"},{\"Action\":\"s3:ListBucket\",\"Effect\":\"Allow\",\"Principal\":{\"AWS\":\"arn:aws:iam::cloudfront:user/CloudFront Origin Access Identity E12TTBRYUDWUY2\"},\"Resource\":\"arn:aws:s3:::wattlink-test-portal-origin\",\"Sid\":\"S3ListBucketForCloudFront\"},{\"Action\":\"s3:*\",\"Condition\":{\"Bool\":{\"aws:SecureTransport\":\"false\"}},\"Effect\":\"Deny\",\"Principal\":\"*\",\"Resource\":[\"arn:aws:s3:::wattlink-test-portal-origin/*\",\"arn:aws:s3:::wattlink-test-portal-origin\"],\"Sid\":\"ForceSSLOnlyAccess\"},{\"Action\":[\"s3:PutObjectAcl\",\"s3:PutObject\",\"s3:ListBucketMultipartUploads\",\"s3:ListBucket\",\"s3:GetObject\",\"s3:GetBucketLocation\",\"s3:DeleteObject\",\"s3:AbortMultipartUpload\"],\"Effect\":\"Allow\",\"Principal\":{\"AWS\":\"arn:aws:iam::456004844534:user/lynqtech-macbook-iam\"},\"Resource\":[\"arn:aws:s3:::wattlink-test-portal-origin/*\",\"arn:aws:s3:::wattlink-test-portal-origin\"]}],\"Version\":\"2012-10-17\"}"
          },
          "sensitive_attributes": [],
          "private": "bnVsbA==",
          "dependencies": [
            "module.acm_request_certificate.aws_acm_certificate.default",
            "module.acm_request_certificate.aws_acm_certificate_validation.default",
            "module.acm_request_certificate.aws_route53_record.default",
            "module.acm_request_certificate.data.aws_route53_zone.default",
            "module.cdn.aws_cloudfront_origin_access_identity.default",
            "module.cdn.aws_s3_bucket.origin",
            "module.cdn.aws_s3_bucket_public_access_block.origin",
            "module.cdn.data.aws_iam_policy_document.combined",
            "module.cdn.data.aws_iam_policy_document.deployment",
            "module.cdn.data.aws_iam_policy_document.s3_origin",
            "module.cdn.data.aws_iam_policy_document.s3_ssl_only",
            "module.cdn.data.aws_iam_policy_document.s3_website_origin",
            "module.cdn.data.aws_partition.current",
            "module.cdn.data.aws_s3_bucket.origin",
            "module.cdn.random_password.referer"
          ]
        }
      ]
    },
    {
      "module": "module.cdn",
      "mode": "managed",
      "type": "aws_s3_bucket_public_access_block",
      "name": "origin",
      "provider": "provider[\"registry.terraform.io/hashicorp/aws\"]",
      "instances": [
        {
          "index_key": 0,
          "schema_version": 0,
          "attributes": {
            "block_public_acls": true,
            "block_public_policy": false,
            "bucket": "wattlink-test-portal-origin",
            "id": "wattlink-test-portal-origin",
            "ignore_public_acls": true,
            "restrict_public_buckets": false
          },
          "sensitive_attributes": [],
          "private": "bnVsbA==",
          "dependencies": [
            "module.acm_request_certificate.aws_acm_certificate.default",
            "module.acm_request_certificate.aws_acm_certificate_validation.default",
            "module.acm_request_certificate.aws_route53_record.default",
            "module.acm_request_certificate.data.aws_route53_zone.default",
            "module.cdn.aws_s3_bucket.origin",
            "module.cdn.data.aws_s3_bucket.origin"
          ]
        }
      ]
    },
    {
      "module": "module.cdn",
      "mode": "managed",
      "type": "aws_s3_bucket_server_side_encryption_configuration",
      "name": "origin",
      "provider": "provider[\"registry.terraform.io/hashicorp/aws\"]",
      "instances": [
        {
          "index_key": 0,
          "schema_version": 0,
          "attributes": {
            "bucket": "wattlink-test-portal-origin",
            "expected_bucket_owner": "",
            "id": "wattlink-test-portal-origin",
            "rule": [
              {
                "apply_server_side_encryption_by_default": [
                  {
                    "kms_master_key_id": "",
                    "sse_algorithm": "AES256"
                  }
                ],
                "bucket_key_enabled": false
              }
            ]
          },
          "sensitive_attributes": [],
          "private": "bnVsbA==",
          "dependencies": [
            "module.acm_request_certificate.aws_acm_certificate.default",
            "module.acm_request_certificate.aws_acm_certificate_validation.default",
            "module.acm_request_certificate.aws_route53_record.default",
            "module.acm_request_certificate.data.aws_route53_zone.default",
            "module.cdn.aws_s3_bucket.origin"
          ]
        }
      ]
    },
    {
      "module": "module.cdn",
      "mode": "managed",
      "type": "aws_s3_bucket_versioning",
      "name": "origin",
      "provider": "provider[\"registry.terraform.io/hashicorp/aws\"]",
      "instances": [
        {
          "index_key": 0,
          "schema_version": 0,
          "attributes": {
            "bucket": "wattlink-test-portal-origin",
            "expected_bucket_owner": "",
            "id": "wattlink-test-portal-origin",
            "mfa": null,
            "versioning_configuration": [
              {
                "mfa_delete": "",
                "status": "Disabled"
              }
            ]
          },
          "sensitive_attributes": [],
          "private": "bnVsbA==",
          "dependencies": [
            "module.acm_request_certificate.aws_acm_certificate.default",
            "module.acm_request_certificate.aws_acm_certificate_validation.default",
            "module.acm_request_certificate.aws_route53_record.default",
            "module.acm_request_certificate.data.aws_route53_zone.default",
            "module.cdn.aws_s3_bucket.origin"
          ]
        }
      ]
    },
    {
      "module": "module.cdn",
      "mode": "managed",
      "type": "time_sleep",
      "name": "wait_for_aws_s3_bucket_settings",
      "provider": "provider[\"registry.terraform.io/hashicorp/time\"]",
      "instances": [
        {
          "index_key": 0,
          "schema_version": 0,
          "attributes": {
            "create_duration": "30s",
            "destroy_duration": "30s",
            "id": "2024-09-27T13:16:45Z",
            "triggers": null
          },
          "sensitive_attributes": [],
          "dependencies": [
            "module.acm_request_certificate.aws_acm_certificate.default",
            "module.acm_request_certificate.aws_acm_certificate_validation.default",
            "module.acm_request_certificate.aws_route53_record.default",
            "module.acm_request_certificate.data.aws_route53_zone.default",
            "module.cdn.aws_cloudfront_origin_access_identity.default",
            "module.cdn.aws_s3_bucket.origin",
            "module.cdn.aws_s3_bucket_policy.default",
            "module.cdn.aws_s3_bucket_public_access_block.origin",
            "module.cdn.data.aws_iam_policy_document.combined",
            "module.cdn.data.aws_iam_policy_document.deployment",
            "module.cdn.data.aws_iam_policy_document.s3_origin",
            "module.cdn.data.aws_iam_policy_document.s3_ssl_only",
            "module.cdn.data.aws_iam_policy_document.s3_website_origin",
            "module.cdn.data.aws_partition.current",
            "module.cdn.data.aws_s3_bucket.origin",
            "module.cdn.random_password.referer"
          ]
        }
      ]
    },
    {
      "module": "module.cdn.module.dns",
      "mode": "data",
      "type": "aws_route53_zone",
      "name": "default",
      "provider": "provider[\"registry.terraform.io/hashicorp/aws\"]",
      "instances": [
        {
          "index_key": 0,
          "schema_version": 0,
          "attributes": {
            "arn": "arn:aws:route53:::hostedzone/Z06437641R6SHV8X301QF",
            "caller_reference": "RISWorkflow-RD:5bbbc016-e7fd-48a0-bc29-9f053652a66d",
            "comment": "HostedZone created by Route53 Registrar",
            "id": "Z06437641R6SHV8X301QF",
            "linked_service_description": null,
            "linked_service_principal": null,
            "name": "hasemato.com",
            "name_servers": [
              "ns-527.awsdns-01.net",
              "ns-1818.awsdns-35.co.uk",
              "ns-330.awsdns-41.com",
              "ns-1514.awsdns-61.org"
            ],
            "primary_name_server": "ns-527.awsdns-01.net",
            "private_zone": false,
            "resource_record_set_count": 9,
            "tags": {},
            "vpc_id": null,
            "zone_id": "Z06437641R6SHV8X301QF"
          },
          "sensitive_attributes": []
        }
      ]
    },
    {
      "module": "module.cdn.module.dns",
      "mode": "managed",
      "type": "aws_route53_record",
      "name": "default",
      "provider": "provider[\"registry.terraform.io/hashicorp/aws\"]",
      "instances": [
        {
          "index_key": "portal.wattlink.hasemato.com",
          "schema_version": 2,
          "attributes": {
            "alias": [
              {
                "evaluate_target_health": false,
                "name": "d3bbto4kyy71i8.cloudfront.net",
                "zone_id": "Z2FDTNDATAQYW2"
              }
            ],
            "allow_overwrite": false,
            "cidr_routing_policy": [],
            "failover_routing_policy": [],
            "fqdn": "portal.wattlink.hasemato.com",
            "geolocation_routing_policy": [],
            "geoproximity_routing_policy": [],
            "health_check_id": "",
            "id": "Z06437641R6SHV8X301QF_portal.wattlink.hasemato.com_A",
            "latency_routing_policy": [],
            "multivalue_answer_routing_policy": false,
            "name": "portal.wattlink.hasemato.com",
            "records": [],
            "set_identifier": "",
            "ttl": 0,
            "type": "A",
            "weighted_routing_policy": [],
            "zone_id": "Z06437641R6SHV8X301QF"
          },
          "sensitive_attributes": [],
          "private": "eyJzY2hlbWFfdmVyc2lvbiI6IjIifQ==",
          "dependencies": [
            "module.acm_request_certificate.aws_acm_certificate.default",
            "module.acm_request_certificate.aws_acm_certificate_validation.default",
            "module.acm_request_certificate.aws_route53_record.default",
            "module.acm_request_certificate.data.aws_route53_zone.default",
            "module.cdn.aws_cloudfront_distribution.default",
            "module.cdn.aws_cloudfront_origin_access_identity.default",
            "module.cdn.aws_s3_bucket.origin",
            "module.cdn.aws_s3_bucket_ownership_controls.origin",
            "module.cdn.aws_s3_bucket_policy.default",
            "module.cdn.aws_s3_bucket_public_access_block.origin",
            "module.cdn.data.aws_iam_policy_document.combined",
            "module.cdn.data.aws_iam_policy_document.deployment",
            "module.cdn.data.aws_iam_policy_document.s3_origin",
            "module.cdn.data.aws_iam_policy_document.s3_ssl_only",
            "module.cdn.data.aws_iam_policy_document.s3_website_origin",
            "module.cdn.data.aws_partition.current",
            "module.cdn.data.aws_region.current",
            "module.cdn.data.aws_s3_bucket.cf_logs",
            "module.cdn.data.aws_s3_bucket.origin",
            "module.cdn.module.dns.data.aws_route53_zone.default",
            "module.cdn.module.logs.module.aws_s3_bucket.aws_s3_bucket.default",
            "module.cdn.random_password.referer",
            "module.cdn.time_sleep.wait_for_aws_s3_bucket_settings"
          ]
        },
        {
          "index_key": "wattlink-portal.hasemato.com",
          "schema_version": 2,
          "attributes": {
            "alias": [
              {
                "evaluate_target_health": false,
                "name": "d3bbto4kyy71i8.cloudfront.net",
                "zone_id": "Z2FDTNDATAQYW2"
              }
            ],
            "allow_overwrite": false,
            "cidr_routing_policy": [],
            "failover_routing_policy": [],
            "fqdn": "wattlink-portal.hasemato.com",
            "geolocation_routing_policy": [],
            "geoproximity_routing_policy": [],
            "health_check_id": "",
            "id": "Z06437641R6SHV8X301QF_wattlink-portal.hasemato.com_A",
            "latency_routing_policy": [],
            "multivalue_answer_routing_policy": false,
            "name": "wattlink-portal.hasemato.com",
            "records": [],
            "set_identifier": "",
            "ttl": 0,
            "type": "A",
            "weighted_routing_policy": [],
            "zone_id": "Z06437641R6SHV8X301QF"
          },
          "sensitive_attributes": [],
          "private": "eyJzY2hlbWFfdmVyc2lvbiI6IjIifQ==",
          "dependencies": [
            "module.acm_request_certificate.aws_acm_certificate.default",
            "module.acm_request_certificate.aws_acm_certificate_validation.default",
            "module.acm_request_certificate.aws_route53_record.default",
            "module.acm_request_certificate.data.aws_route53_zone.default",
            "module.cdn.aws_cloudfront_distribution.default",
            "module.cdn.aws_cloudfront_origin_access_identity.default",
            "module.cdn.aws_s3_bucket.origin",
            "module.cdn.aws_s3_bucket_ownership_controls.origin",
            "module.cdn.aws_s3_bucket_policy.default",
            "module.cdn.aws_s3_bucket_public_access_block.origin",
            "module.cdn.data.aws_iam_policy_document.combined",
            "module.cdn.data.aws_iam_policy_document.deployment",
            "module.cdn.data.aws_iam_policy_document.s3_origin",
            "module.cdn.data.aws_iam_policy_document.s3_ssl_only",
            "module.cdn.data.aws_iam_policy_document.s3_website_origin",
            "module.cdn.data.aws_partition.current",
            "module.cdn.data.aws_region.current",
            "module.cdn.data.aws_s3_bucket.cf_logs",
            "module.cdn.data.aws_s3_bucket.origin",
            "module.cdn.module.dns.data.aws_route53_zone.default",
            "module.cdn.module.logs.module.aws_s3_bucket.aws_s3_bucket.default",
            "module.cdn.random_password.referer",
            "module.cdn.time_sleep.wait_for_aws_s3_bucket_settings"
          ]
        }
      ]
    },
    {
      "module": "module.cdn.module.dns",
      "mode": "managed",
      "type": "aws_route53_record",
      "name": "ipv6",
      "provider": "provider[\"registry.terraform.io/hashicorp/aws\"]",
      "instances": [
        {
          "index_key": "portal.wattlink.hasemato.com",
          "schema_version": 2,
          "attributes": {
            "alias": [
              {
                "evaluate_target_health": false,
                "name": "d3bbto4kyy71i8.cloudfront.net",
                "zone_id": "Z2FDTNDATAQYW2"
              }
            ],
            "allow_overwrite": false,
            "cidr_routing_policy": [],
            "failover_routing_policy": [],
            "fqdn": "portal.wattlink.hasemato.com",
            "geolocation_routing_policy": [],
            "geoproximity_routing_policy": [],
            "health_check_id": "",
            "id": "Z06437641R6SHV8X301QF_portal.wattlink.hasemato.com_AAAA",
            "latency_routing_policy": [],
            "multivalue_answer_routing_policy": false,
            "name": "portal.wattlink.hasemato.com",
            "records": [],
            "set_identifier": "",
            "ttl": 0,
            "type": "AAAA",
            "weighted_routing_policy": [],
            "zone_id": "Z06437641R6SHV8X301QF"
          },
          "sensitive_attributes": [],
          "private": "eyJzY2hlbWFfdmVyc2lvbiI6IjIifQ==",
          "dependencies": [
            "module.acm_request_certificate.aws_acm_certificate.default",
            "module.acm_request_certificate.aws_acm_certificate_validation.default",
            "module.acm_request_certificate.aws_route53_record.default",
            "module.acm_request_certificate.data.aws_route53_zone.default",
            "module.cdn.aws_cloudfront_distribution.default",
            "module.cdn.aws_cloudfront_origin_access_identity.default",
            "module.cdn.aws_s3_bucket.origin",
            "module.cdn.aws_s3_bucket_ownership_controls.origin",
            "module.cdn.aws_s3_bucket_policy.default",
            "module.cdn.aws_s3_bucket_public_access_block.origin",
            "module.cdn.data.aws_iam_policy_document.combined",
            "module.cdn.data.aws_iam_policy_document.deployment",
            "module.cdn.data.aws_iam_policy_document.s3_origin",
            "module.cdn.data.aws_iam_policy_document.s3_ssl_only",
            "module.cdn.data.aws_iam_policy_document.s3_website_origin",
            "module.cdn.data.aws_partition.current",
            "module.cdn.data.aws_region.current",
            "module.cdn.data.aws_s3_bucket.cf_logs",
            "module.cdn.data.aws_s3_bucket.origin",
            "module.cdn.module.dns.data.aws_route53_zone.default",
            "module.cdn.module.logs.module.aws_s3_bucket.aws_s3_bucket.default",
            "module.cdn.random_password.referer",
            "module.cdn.time_sleep.wait_for_aws_s3_bucket_settings"
          ]
        },
        {
          "index_key": "wattlink-portal.hasemato.com",
          "schema_version": 2,
          "attributes": {
            "alias": [
              {
                "evaluate_target_health": false,
                "name": "d3bbto4kyy71i8.cloudfront.net",
                "zone_id": "Z2FDTNDATAQYW2"
              }
            ],
            "allow_overwrite": false,
            "cidr_routing_policy": [],
            "failover_routing_policy": [],
            "fqdn": "wattlink-portal.hasemato.com",
            "geolocation_routing_policy": [],
            "geoproximity_routing_policy": [],
            "health_check_id": "",
            "id": "Z06437641R6SHV8X301QF_wattlink-portal.hasemato.com_AAAA",
            "latency_routing_policy": [],
            "multivalue_answer_routing_policy": false,
            "name": "wattlink-portal.hasemato.com",
            "records": [],
            "set_identifier": "",
            "ttl": 0,
            "type": "AAAA",
            "weighted_routing_policy": [],
            "zone_id": "Z06437641R6SHV8X301QF"
          },
          "sensitive_attributes": [],
          "private": "eyJzY2hlbWFfdmVyc2lvbiI6IjIifQ==",
          "dependencies": [
            "module.acm_request_certificate.aws_acm_certificate.default",
            "module.acm_request_certificate.aws_acm_certificate_validation.default",
            "module.acm_request_certificate.aws_route53_record.default",
            "module.acm_request_certificate.data.aws_route53_zone.default",
            "module.cdn.aws_cloudfront_distribution.default",
            "module.cdn.aws_cloudfront_origin_access_identity.default",
            "module.cdn.aws_s3_bucket.origin",
            "module.cdn.aws_s3_bucket_ownership_controls.origin",
            "module.cdn.aws_s3_bucket_policy.default",
            "module.cdn.aws_s3_bucket_public_access_block.origin",
            "module.cdn.data.aws_iam_policy_document.combined",
            "module.cdn.data.aws_iam_policy_document.deployment",
            "module.cdn.data.aws_iam_policy_document.s3_origin",
            "module.cdn.data.aws_iam_policy_document.s3_ssl_only",
            "module.cdn.data.aws_iam_policy_document.s3_website_origin",
            "module.cdn.data.aws_partition.current",
            "module.cdn.data.aws_region.current",
            "module.cdn.data.aws_s3_bucket.cf_logs",
            "module.cdn.data.aws_s3_bucket.origin",
            "module.cdn.module.dns.data.aws_route53_zone.default",
            "module.cdn.module.logs.module.aws_s3_bucket.aws_s3_bucket.default",
            "module.cdn.random_password.referer",
            "module.cdn.time_sleep.wait_for_aws_s3_bucket_settings"
          ]
        }
      ]
    },
    {
      "module": "module.cdn.module.logs",
      "mode": "data",
      "type": "aws_caller_identity",
      "name": "current",
      "provider": "provider[\"registry.terraform.io/hashicorp/aws\"]",
      "instances": [
        {
          "index_key": 0,
          "schema_version": 0,
          "attributes": {
            "account_id": "456004844534",
            "arn": "arn:aws:iam::456004844534:user/lynqtech-macbook-iam",
            "id": "456004844534",
            "user_id": "AIDAWULABXP3AKVQLTVCP"
          },
          "sensitive_attributes": []
        }
      ]
    },
    {
      "module": "module.cdn.module.logs",
      "mode": "data",
      "type": "aws_partition",
      "name": "current",
      "provider": "provider[\"registry.terraform.io/hashicorp/aws\"]",
      "instances": [
        {
          "index_key": 0,
          "schema_version": 0,
          "attributes": {
            "dns_suffix": "amazonaws.com",
            "id": "aws",
            "partition": "aws",
            "reverse_dns_prefix": "com.amazonaws"
          },
          "sensitive_attributes": []
        }
      ]
    },
    {
      "module": "module.cdn.module.logs.module.aws_s3_bucket",
      "mode": "data",
      "type": "aws_canonical_user_id",
      "name": "default",
      "provider": "provider[\"registry.terraform.io/hashicorp/aws\"]",
      "instances": [
        {
          "index_key": 0,
          "schema_version": 0,
          "attributes": {
            "display_name": "",
            "id": "30ab2a9766c1acf17cf0326867ed02b1315681c8b266a028a6c5d814df1bb322"
          },
          "sensitive_attributes": []
        }
      ]
    },
    {
      "module": "module.cdn.module.logs.module.aws_s3_bucket",
      "mode": "data",
      "type": "aws_iam_policy_document",
      "name": "aggregated_policy",
      "provider": "provider[\"registry.terraform.io/hashicorp/aws\"]",
      "instances": [
        {
          "index_key": 0,
          "schema_version": 0,
          "attributes": {
            "id": "4098389303",
            "json": "{\n  \"Version\": \"2012-10-17\",\n  \"Statement\": [\n    {\n      \"Sid\": \"ForceSSLOnlyAccess\",\n      \"Effect\": \"Deny\",\n      \"Action\": \"s3:*\",\n      \"Resource\": [\n        \"arn:aws:s3:::wattlink-test-portal-logs/*\",\n        \"arn:aws:s3:::wattlink-test-portal-logs\"\n      ],\n      \"Principal\": \"*\",\n      \"Condition\": {\n        \"Bool\": {\n          \"aws:SecureTransport\": \"false\"\n        }\n      }\n    }\n  ]\n}",
            "minified_json": "{\"Version\":\"2012-10-17\",\"Statement\":[{\"Sid\":\"ForceSSLOnlyAccess\",\"Effect\":\"Deny\",\"Action\":\"s3:*\",\"Resource\":[\"arn:aws:s3:::wattlink-test-portal-logs/*\",\"arn:aws:s3:::wattlink-test-portal-logs\"],\"Principal\":\"*\",\"Condition\":{\"Bool\":{\"aws:SecureTransport\":\"false\"}}}]}",
            "override_json": null,
            "override_policy_documents": null,
            "policy_id": null,
            "source_json": null,
            "source_policy_documents": [
              "{\n  \"Version\": \"2012-10-17\",\n  \"Statement\": [\n    {\n      \"Sid\": \"ForceSSLOnlyAccess\",\n      \"Effect\": \"Deny\",\n      \"Action\": \"s3:*\",\n      \"Resource\": [\n        \"arn:aws:s3:::wattlink-test-portal-logs/*\",\n        \"arn:aws:s3:::wattlink-test-portal-logs\"\n      ],\n      \"Principal\": \"*\",\n      \"Condition\": {\n        \"Bool\": {\n          \"aws:SecureTransport\": \"false\"\n        }\n      }\n    }\n  ]\n}"
            ],
            "statement": null,
            "version": "2012-10-17"
          },
          "sensitive_attributes": []
        }
      ]
    },
    {
      "module": "module.cdn.module.logs.module.aws_s3_bucket",
      "mode": "data",
      "type": "aws_iam_policy_document",
      "name": "bucket_policy",
      "provider": "provider[\"registry.terraform.io/hashicorp/aws\"]",
      "instances": [
        {
          "index_key": 0,
          "schema_version": 0,
          "attributes": {
            "id": "4098389303",
            "json": "{\n  \"Version\": \"2012-10-17\",\n  \"Statement\": [\n    {\n      \"Sid\": \"ForceSSLOnlyAccess\",\n      \"Effect\": \"Deny\",\n      \"Action\": \"s3:*\",\n      \"Resource\": [\n        \"arn:aws:s3:::wattlink-test-portal-logs/*\",\n        \"arn:aws:s3:::wattlink-test-portal-logs\"\n      ],\n      \"Principal\": \"*\",\n      \"Condition\": {\n        \"Bool\": {\n          \"aws:SecureTransport\": \"false\"\n        }\n      }\n    }\n  ]\n}",
            "minified_json": "{\"Version\":\"2012-10-17\",\"Statement\":[{\"Sid\":\"ForceSSLOnlyAccess\",\"Effect\":\"Deny\",\"Action\":\"s3:*\",\"Resource\":[\"arn:aws:s3:::wattlink-test-portal-logs/*\",\"arn:aws:s3:::wattlink-test-portal-logs\"],\"Principal\":\"*\",\"Condition\":{\"Bool\":{\"aws:SecureTransport\":\"false\"}}}]}",
            "override_json": null,
            "override_policy_documents": null,
            "policy_id": null,
            "source_json": null,
            "source_policy_documents": null,
            "statement": [
              {
                "actions": [
                  "s3:*"
                ],
                "condition": [
                  {
                    "test": "Bool",
                    "values": [
                      "false"
                    ],
                    "variable": "aws:SecureTransport"
                  }
                ],
                "effect": "Deny",
                "not_actions": [],
                "not_principals": [],
                "not_resources": [],
                "principals": [
                  {
                    "identifiers": [
                      "*"
                    ],
                    "type": "*"
                  }
                ],
                "resources": [
                  "arn:aws:s3:::wattlink-test-portal-logs",
                  "arn:aws:s3:::wattlink-test-portal-logs/*"
                ],
                "sid": "ForceSSLOnlyAccess"
              }
            ],
            "version": "2012-10-17"
          },
          "sensitive_attributes": []
        }
      ]
    },
    {
      "module": "module.cdn.module.logs.module.aws_s3_bucket",
      "mode": "data",
      "type": "aws_partition",
      "name": "current",
      "provider": "provider[\"registry.terraform.io/hashicorp/aws\"]",
      "instances": [
        {
          "index_key": 0,
          "schema_version": 0,
          "attributes": {
            "dns_suffix": "amazonaws.com",
            "id": "aws",
            "partition": "aws",
            "reverse_dns_prefix": "com.amazonaws"
          },
          "sensitive_attributes": []
        }
      ]
    },
    {
      "module": "module.cdn.module.logs.module.aws_s3_bucket",
      "mode": "managed",
      "type": "aws_s3_bucket",
      "name": "default",
      "provider": "provider[\"registry.terraform.io/hashicorp/aws\"]",
      "instances": [
        {
          "index_key": 0,
          "schema_version": 0,
          "attributes": {
            "acceleration_status": "",
            "acl": null,
            "arn": "arn:aws:s3:::wattlink-test-portal-logs",
            "bucket": "wattlink-test-portal-logs",
            "bucket_domain_name": "wattlink-test-portal-logs.s3.amazonaws.com",
            "bucket_prefix": "",
            "bucket_regional_domain_name": "wattlink-test-portal-logs.s3.eu-central-1.amazonaws.com",
            "cors_rule": [],
            "force_destroy": false,
            "grant": [
              {
                "id": "c4c1ede66af53448b93c283ce9448c4ba468c9432aa01d700d3878632f77d2d0",
                "permissions": [
                  "FULL_CONTROL"
                ],
                "type": "CanonicalUser",
                "uri": ""
              }
            ],
            "hosted_zone_id": "Z21DNDUVLTQW6Q",
            "id": "wattlink-test-portal-logs",
            "lifecycle_rule": [
              {
                "abort_incomplete_multipart_upload_days": 5,
                "enabled": true,
                "expiration": [
                  {
                    "date": "",
                    "days": 90,
                    "expired_object_delete_marker": false
                  }
                ],
                "id": "wattlink-test-portal-logs",
                "noncurrent_version_expiration": [
                  {
                    "days": 90
                  }
                ],
                "noncurrent_version_transition": [
                  {
                    "days": 30,
                    "storage_class": "GLACIER"
                  }
                ],
                "prefix": "",
                "tags": {},
                "transition": [
                  {
                    "date": "",
                    "days": 30,
                    "storage_class": "STANDARD_IA"
                  },
                  {
                    "date": "",
                    "days": 60,
                    "storage_class": "GLACIER"
                  }
                ]
              }
            ],
            "logging": [],
            "object_lock_configuration": [],
            "object_lock_enabled": false,
            "policy": "{\"Statement\":[{\"Action\":\"s3:*\",\"Condition\":{\"Bool\":{\"aws:SecureTransport\":\"false\"}},\"Effect\":\"Deny\",\"Principal\":\"*\",\"Resource\":[\"arn:aws:s3:::wattlink-test-portal-logs/*\",\"arn:aws:s3:::wattlink-test-portal-logs\"],\"Sid\":\"ForceSSLOnlyAccess\"}],\"Version\":\"2012-10-17\"}",
            "region": "eu-central-1",
            "replication_configuration": [],
            "request_payer": "BucketOwner",
            "server_side_encryption_configuration": [
              {
                "rule": [
                  {
                    "apply_server_side_encryption_by_default": [
                      {
                        "kms_master_key_id": "",
                        "sse_algorithm": "AES256"
                      }
                    ],
                    "bucket_key_enabled": false
                  }
                ]
              }
            ],
            "tags": {
              "Attributes": "logs",
              "Name": "wattlink-test-portal-logs",
              "Namespace": "wattlink",
              "Stage": "test"
            },
            "tags_all": {
              "Attributes": "logs",
              "Name": "wattlink-test-portal-logs",
              "Namespace": "wattlink",
              "Stage": "test"
            },
            "timeouts": null,
            "versioning": [
              {
                "enabled": false,
                "mfa_delete": false
              }
            ],
            "website": [],
            "website_domain": null,
            "website_endpoint": null
          },
          "sensitive_attributes": [],
          "private": "eyJlMmJmYjczMC1lY2FhLTExZTYtOGY4OC0zNDM2M2JjN2M0YzAiOnsiY3JlYXRlIjoxMjAwMDAwMDAwMDAwLCJkZWxldGUiOjM2MDAwMDAwMDAwMDAsInJlYWQiOjEyMDAwMDAwMDAwMDAsInVwZGF0ZSI6MTIwMDAwMDAwMDAwMH19",
          "dependencies": [
            "module.acm_request_certificate.aws_acm_certificate.default",
            "module.acm_request_certificate.aws_acm_certificate_validation.default",
            "module.acm_request_certificate.aws_route53_record.default",
            "module.acm_request_certificate.data.aws_route53_zone.default"
          ]
        }
      ]
    },
    {
      "module": "module.cdn.module.logs.module.aws_s3_bucket",
      "mode": "managed",
      "type": "aws_s3_bucket_acl",
      "name": "default",
      "provider": "provider[\"registry.terraform.io/hashicorp/aws\"]",
      "instances": [
        {
          "index_key": 0,
          "schema_version": 0,
          "attributes": {
            "access_control_policy": [
              {
                "grant": [
                  {
                    "grantee": [
                      {
                        "display_name": "",
                        "email_address": "",
                        "id": "c4c1ede66af53448b93c283ce9448c4ba468c9432aa01d700d3878632f77d2d0",
                        "type": "CanonicalUser",
                        "uri": ""
                      }
                    ],
                    "permission": "FULL_CONTROL"
                  }
                ],
                "owner": [
                  {
                    "display_name": "",
                    "id": "30ab2a9766c1acf17cf0326867ed02b1315681c8b266a028a6c5d814df1bb322"
                  }
                ]
              }
            ],
            "acl": "",
            "bucket": "wattlink-test-portal-logs",
            "expected_bucket_owner": "",
            "id": "wattlink-test-portal-logs"
          },
          "sensitive_attributes": [],
          "private": "bnVsbA==",
          "dependencies": [
            "module.acm_request_certificate.aws_acm_certificate.default",
            "module.acm_request_certificate.aws_acm_certificate_validation.default",
            "module.acm_request_certificate.aws_route53_record.default",
            "module.acm_request_certificate.data.aws_route53_zone.default",
            "module.cdn.module.logs.module.aws_s3_bucket.aws_s3_bucket.default",
            "module.cdn.module.logs.module.aws_s3_bucket.aws_s3_bucket_ownership_controls.default",
            "module.cdn.module.logs.module.aws_s3_bucket.aws_s3_bucket_policy.default",
            "module.cdn.module.logs.module.aws_s3_bucket.aws_s3_bucket_public_access_block.default",
            "module.cdn.module.logs.module.aws_s3_bucket.data.aws_canonical_user_id.default",
            "module.cdn.module.logs.module.aws_s3_bucket.data.aws_iam_policy_document.aggregated_policy",
            "module.cdn.module.logs.module.aws_s3_bucket.data.aws_iam_policy_document.bucket_policy",
            "module.cdn.module.logs.module.aws_s3_bucket.data.aws_partition.current",
            "module.cdn.module.logs.module.aws_s3_bucket.time_sleep.wait_for_aws_s3_bucket_settings"
          ]
        }
      ]
    },
    {
      "module": "module.cdn.module.logs.module.aws_s3_bucket",
      "mode": "managed",
      "type": "aws_s3_bucket_lifecycle_configuration",
      "name": "default",
      "provider": "provider[\"registry.terraform.io/hashicorp/aws\"]",
      "instances": [
        {
          "index_key": 0,
          "schema_version": 0,
          "attributes": {
            "bucket": "wattlink-test-portal-logs",
            "expected_bucket_owner": "",
            "id": "wattlink-test-portal-logs",
            "rule": [
              {
                "abort_incomplete_multipart_upload": [
                  {
                    "days_after_initiation": 5
                  }
                ],
                "expiration": [
                  {
                    "date": "",
                    "days": 90,
                    "expired_object_delete_marker": false
                  }
                ],
                "filter": [
                  {
                    "and": [],
                    "object_size_greater_than": "",
                    "object_size_less_than": "",
                    "prefix": "",
                    "tag": []
                  }
                ],
                "id": "wattlink-test-portal-logs",
                "noncurrent_version_expiration": [
                  {
                    "newer_noncurrent_versions": "",
                    "noncurrent_days": 90
                  }
                ],
                "noncurrent_version_transition": [
                  {
                    "newer_noncurrent_versions": "",
                    "noncurrent_days": 30,
                    "storage_class": "GLACIER"
                  }
                ],
                "prefix": "",
                "status": "Enabled",
                "transition": [
                  {
                    "date": "",
                    "days": 30,
                    "storage_class": "STANDARD_IA"
                  },
                  {
                    "date": "",
                    "days": 60,
                    "storage_class": "GLACIER"
                  }
                ]
              }
            ],
            "timeouts": null
          },
          "sensitive_attributes": [],
          "private": "eyJlMmJmYjczMC1lY2FhLTExZTYtOGY4OC0zNDM2M2JjN2M0YzAiOnsiY3JlYXRlIjoxODAwMDAwMDAwMDAsInVwZGF0ZSI6MTgwMDAwMDAwMDAwfX0=",
          "dependencies": [
            "module.acm_request_certificate.aws_acm_certificate.default",
            "module.acm_request_certificate.aws_acm_certificate_validation.default",
            "module.acm_request_certificate.aws_route53_record.default",
            "module.acm_request_certificate.data.aws_route53_zone.default",
            "module.cdn.module.logs.module.aws_s3_bucket.aws_s3_bucket.default",
            "module.cdn.module.logs.module.aws_s3_bucket.aws_s3_bucket_versioning.default"
          ]
        }
      ]
    },
    {
      "module": "module.cdn.module.logs.module.aws_s3_bucket",
      "mode": "managed",
      "type": "aws_s3_bucket_ownership_controls",
      "name": "default",
      "provider": "provider[\"registry.terraform.io/hashicorp/aws\"]",
      "instances": [
        {
          "index_key": 0,
          "schema_version": 0,
          "attributes": {
            "bucket": "wattlink-test-portal-logs",
            "id": "wattlink-test-portal-logs",
            "rule": [
              {
                "object_ownership": "BucketOwnerPreferred"
              }
            ]
          },
          "sensitive_attributes": [],
          "private": "bnVsbA==",
          "dependencies": [
            "module.acm_request_certificate.aws_acm_certificate.default",
            "module.acm_request_certificate.aws_acm_certificate_validation.default",
            "module.acm_request_certificate.aws_route53_record.default",
            "module.acm_request_certificate.data.aws_route53_zone.default",
            "module.cdn.module.logs.module.aws_s3_bucket.aws_s3_bucket.default",
            "module.cdn.module.logs.module.aws_s3_bucket.aws_s3_bucket_policy.default",
            "module.cdn.module.logs.module.aws_s3_bucket.aws_s3_bucket_public_access_block.default",
            "module.cdn.module.logs.module.aws_s3_bucket.data.aws_iam_policy_document.aggregated_policy",
            "module.cdn.module.logs.module.aws_s3_bucket.data.aws_iam_policy_document.bucket_policy",
            "module.cdn.module.logs.module.aws_s3_bucket.data.aws_partition.current",
            "module.cdn.module.logs.module.aws_s3_bucket.time_sleep.wait_for_aws_s3_bucket_settings"
          ]
        }
      ]
    },
    {
      "module": "module.cdn.module.logs.module.aws_s3_bucket",
      "mode": "managed",
      "type": "aws_s3_bucket_policy",
      "name": "default",
      "provider": "provider[\"registry.terraform.io/hashicorp/aws\"]",
      "instances": [
        {
          "index_key": 0,
          "schema_version": 0,
          "attributes": {
            "bucket": "wattlink-test-portal-logs",
            "id": "wattlink-test-portal-logs",
            "policy": "{\"Statement\":[{\"Action\":\"s3:*\",\"Condition\":{\"Bool\":{\"aws:SecureTransport\":\"false\"}},\"Effect\":\"Deny\",\"Principal\":\"*\",\"Resource\":[\"arn:aws:s3:::wattlink-test-portal-logs/*\",\"arn:aws:s3:::wattlink-test-portal-logs\"],\"Sid\":\"ForceSSLOnlyAccess\"}],\"Version\":\"2012-10-17\"}"
          },
          "sensitive_attributes": [],
          "private": "bnVsbA==",
          "dependencies": [
            "module.acm_request_certificate.aws_acm_certificate.default",
            "module.acm_request_certificate.aws_acm_certificate_validation.default",
            "module.acm_request_certificate.aws_route53_record.default",
            "module.acm_request_certificate.data.aws_route53_zone.default",
            "module.cdn.module.logs.module.aws_s3_bucket.aws_s3_bucket.default",
            "module.cdn.module.logs.module.aws_s3_bucket.aws_s3_bucket_public_access_block.default",
            "module.cdn.module.logs.module.aws_s3_bucket.data.aws_iam_policy_document.aggregated_policy",
            "module.cdn.module.logs.module.aws_s3_bucket.data.aws_iam_policy_document.bucket_policy",
            "module.cdn.module.logs.module.aws_s3_bucket.data.aws_partition.current"
          ]
        }
      ]
    },
    {
      "module": "module.cdn.module.logs.module.aws_s3_bucket",
      "mode": "managed",
      "type": "aws_s3_bucket_public_access_block",
      "name": "default",
      "provider": "provider[\"registry.terraform.io/hashicorp/aws\"]",
      "instances": [
        {
          "index_key": 0,
          "schema_version": 0,
          "attributes": {
            "block_public_acls": true,
            "block_public_policy": true,
            "bucket": "wattlink-test-portal-logs",
            "id": "wattlink-test-portal-logs",
            "ignore_public_acls": true,
            "restrict_public_buckets": true
          },
          "sensitive_attributes": [],
          "private": "bnVsbA==",
          "dependencies": [
            "module.acm_request_certificate.aws_acm_certificate.default",
            "module.acm_request_certificate.aws_acm_certificate_validation.default",
            "module.acm_request_certificate.aws_route53_record.default",
            "module.acm_request_certificate.data.aws_route53_zone.default",
            "module.cdn.module.logs.module.aws_s3_bucket.aws_s3_bucket.default"
          ]
        }
      ]
    },
    {
      "module": "module.cdn.module.logs.module.aws_s3_bucket",
      "mode": "managed",
      "type": "aws_s3_bucket_server_side_encryption_configuration",
      "name": "default",
      "provider": "provider[\"registry.terraform.io/hashicorp/aws\"]",
      "instances": [
        {
          "index_key": 0,
          "schema_version": 0,
          "attributes": {
            "bucket": "wattlink-test-portal-logs",
            "expected_bucket_owner": "",
            "id": "wattlink-test-portal-logs",
            "rule": [
              {
                "apply_server_side_encryption_by_default": [
                  {
                    "kms_master_key_id": "",
                    "sse_algorithm": "AES256"
                  }
                ],
                "bucket_key_enabled": false
              }
            ]
          },
          "sensitive_attributes": [],
          "private": "bnVsbA==",
          "dependencies": [
            "module.acm_request_certificate.aws_acm_certificate.default",
            "module.acm_request_certificate.aws_acm_certificate_validation.default",
            "module.acm_request_certificate.aws_route53_record.default",
            "module.acm_request_certificate.data.aws_route53_zone.default",
            "module.cdn.module.logs.module.aws_s3_bucket.aws_s3_bucket.default"
          ]
        }
      ]
    },
    {
      "module": "module.cdn.module.logs.module.aws_s3_bucket",
      "mode": "managed",
      "type": "aws_s3_bucket_versioning",
      "name": "default",
      "provider": "provider[\"registry.terraform.io/hashicorp/aws\"]",
      "instances": [
        {
          "index_key": 0,
          "schema_version": 0,
          "attributes": {
            "bucket": "wattlink-test-portal-logs",
            "expected_bucket_owner": "",
            "id": "wattlink-test-portal-logs",
            "mfa": null,
            "versioning_configuration": [
              {
                "mfa_delete": "",
                "status": "Suspended"
              }
            ]
          },
          "sensitive_attributes": [],
          "private": "bnVsbA==",
          "dependencies": [
            "module.acm_request_certificate.aws_acm_certificate.default",
            "module.acm_request_certificate.aws_acm_certificate_validation.default",
            "module.acm_request_certificate.aws_route53_record.default",
            "module.acm_request_certificate.data.aws_route53_zone.default",
            "module.cdn.module.logs.module.aws_s3_bucket.aws_s3_bucket.default"
          ]
        }
      ]
    },
    {
      "module": "module.cdn.module.logs.module.aws_s3_bucket",
      "mode": "managed",
      "type": "time_sleep",
      "name": "wait_for_aws_s3_bucket_settings",
      "provider": "provider[\"registry.terraform.io/hashicorp/time\"]",
      "instances": [
        {
          "index_key": 0,
          "schema_version": 0,
          "attributes": {
            "create_duration": "30s",
            "destroy_duration": "30s",
            "id": "2024-09-27T13:16:37Z",
            "triggers": null
          },
          "sensitive_attributes": [],
          "dependencies": [
            "module.acm_request_certificate.aws_acm_certificate.default",
            "module.acm_request_certificate.aws_acm_certificate_validation.default",
            "module.acm_request_certificate.aws_route53_record.default",
            "module.acm_request_certificate.data.aws_route53_zone.default",
            "module.cdn.module.logs.module.aws_s3_bucket.aws_s3_bucket.default",
            "module.cdn.module.logs.module.aws_s3_bucket.aws_s3_bucket_policy.default",
            "module.cdn.module.logs.module.aws_s3_bucket.aws_s3_bucket_public_access_block.default",
            "module.cdn.module.logs.module.aws_s3_bucket.data.aws_iam_policy_document.aggregated_policy",
            "module.cdn.module.logs.module.aws_s3_bucket.data.aws_iam_policy_document.bucket_policy",
            "module.cdn.module.logs.module.aws_s3_bucket.data.aws_partition.current"
          ]
        }
      ]
    }
  ],
  "check_results": [
    {
      "object_kind": "var",
      "config_addr": "module.cdn.module.logs.module.aws_s3_bucket.module.s3_user.var.context",
      "status": "unknown",
      "objects": [
        {
          "object_addr": "module.cdn.module.logs.module.aws_s3_bucket.module.s3_user.var.context",
          "status": "unknown"
        }
      ]
    },
    {
      "object_kind": "var",
      "config_addr": "module.cdn.module.dns.module.this.var.label_key_case",
      "status": "unknown",
      "objects": [
        {
          "object_addr": "module.cdn.module.dns.module.this.var.label_key_case",
          "status": "unknown"
        }
      ]
    },
    {
      "object_kind": "var",
      "config_addr": "module.cdn.var.bucket_versioning",
      "status": "unknown",
      "objects": [
        {
          "object_addr": "module.cdn.var.bucket_versioning",
          "status": "unknown"
        }
      ]
    },
    {
      "object_kind": "var",
      "config_addr": "module.cdn.var.id_length_limit",
      "status": "unknown",
      "objects": [
        {
          "object_addr": "module.cdn.var.id_length_limit",
          "status": "unknown"
        }
      ]
    },
    {
      "object_kind": "var",
      "config_addr": "module.cdn.module.logs.module.aws_s3_bucket.module.s3_user.module.s3_user.module.store_write.var.label_value_case",
      "status": "pass",
      "objects": null
    },
    {
      "object_kind": "var",
      "config_addr": "module.cdn.module.dns.module.this.var.context",
      "status": "unknown",
      "objects": [
        {
          "object_addr": "module.cdn.module.dns.module.this.var.context",
          "status": "unknown"
        }
      ]
    },
    {
      "object_kind": "var",
      "config_addr": "module.cdn.module.logs.module.aws_s3_bucket.var.context",
      "status": "unknown",
      "objects": [
        {
          "object_addr": "module.cdn.module.logs.module.aws_s3_bucket.var.context",
          "status": "unknown"
        }
      ]
    },
    {
      "object_kind": "var",
      "config_addr": "module.cdn.module.logs.module.aws_s3_bucket.module.s3_user.module.s3_user.module.store_write.module.this.var.label_value_case",
      "status": "pass",
      "objects": null
    },
    {
      "object_kind": "var",
      "config_addr": "module.cdn.module.logs.module.bucket_name.var.id_length_limit",
      "status": "unknown",
      "objects": [
        {
          "object_addr": "module.cdn.module.logs.module.bucket_name.var.id_length_limit",
          "status": "unknown"
        }
      ]
    },
    {
      "object_kind": "var",
      "config_addr": "module.cdn.module.logs.module.aws_s3_bucket.module.s3_user.var.label_key_case",
      "status": "unknown",
      "objects": [
        {
          "object_addr": "module.cdn.module.logs.module.aws_s3_bucket.module.s3_user.var.label_key_case",
          "status": "unknown"
        }
      ]
    },
    {
      "object_kind": "var",
      "config_addr": "module.acm_request_certificate.var.id_length_limit",
      "status": "unknown",
      "objects": [
        {
          "object_addr": "module.acm_request_certificate.var.id_length_limit",
          "status": "unknown"
        }
      ]
    },
    {
      "object_kind": "var",
      "config_addr": "module.cdn.module.logs.module.aws_s3_bucket.var.label_value_case",
      "status": "unknown",
      "objects": [
        {
          "object_addr": "module.cdn.module.logs.module.aws_s3_bucket.var.label_value_case",
          "status": "unknown"
        }
      ]
    },
    {
      "object_kind": "var",
      "config_addr": "module.cdn.module.logs.module.aws_s3_bucket.module.s3_user.module.s3_user.var.context",
      "status": "unknown",
      "objects": [
        {
          "object_addr": "module.cdn.module.logs.module.aws_s3_bucket.module.s3_user.module.s3_user.var.context",
          "status": "unknown"
        }
      ]
    },
    {
      "object_kind": "var",
      "config_addr": "module.cdn.module.logs.var.id_length_limit",
      "status": "unknown",
      "objects": [
        {
          "object_addr": "module.cdn.module.logs.var.id_length_limit",
          "status": "unknown"
        }
      ]
    },
    {
      "object_kind": "var",
      "config_addr": "module.cdn.module.origin_label.var.id_length_limit",
      "status": "unknown",
      "objects": [
        {
          "object_addr": "module.cdn.module.origin_label.var.id_length_limit",
          "status": "unknown"
        }
      ]
    },
    {
      "object_kind": "var",
      "config_addr": "module.cdn.module.dns.var.id_length_limit",
      "status": "unknown",
      "objects": [
        {
          "object_addr": "module.cdn.module.dns.var.id_length_limit",
          "status": "unknown"
        }
      ]
    },
    {
      "object_kind": "var",
      "config_addr": "module.acm_request_certificate.var.domain_name",
      "status": "unknown",
      "objects": [
        {
          "object_addr": "module.acm_request_certificate.var.domain_name",
          "status": "unknown"
        }
      ]
    },
    {
      "object_kind": "var",
      "config_addr": "module.cdn.module.logs.module.aws_s3_bucket.module.s3_user.module.this.var.context",
      "status": "unknown",
      "objects": [
        {
          "object_addr": "module.cdn.module.logs.module.aws_s3_bucket.module.s3_user.module.this.var.context",
          "status": "unknown"
        }
      ]
    },
    {
      "object_kind": "var",
      "config_addr": "module.cdn.module.origin_label.var.label_value_case",
      "status": "unknown",
      "objects": [
        {
          "object_addr": "module.cdn.module.origin_label.var.label_value_case",
          "status": "unknown"
        }
      ]
    },
    {
      "object_kind": "var",
      "config_addr": "module.cdn.module.logs.module.this.var.context",
      "status": "unknown",
      "objects": [
        {
          "object_addr": "module.cdn.module.logs.module.this.var.context",
          "status": "unknown"
        }
      ]
    },
    {
      "object_kind": "var",
      "config_addr": "module.acm_request_certificate.var.label_key_case",
      "status": "unknown",
      "objects": [
        {
          "object_addr": "module.acm_request_certificate.var.label_key_case",
          "status": "unknown"
        }
      ]
    },
    {
      "object_kind": "var",
      "config_addr": "module.cdn.module.logs.module.aws_s3_bucket.module.s3_user.module.this.var.label_key_case",
      "status": "unknown",
      "objects": [
        {
          "object_addr": "module.cdn.module.logs.module.aws_s3_bucket.module.s3_user.module.this.var.label_key_case",
          "status": "unknown"
        }
      ]
    },
    {
      "object_kind": "var",
      "config_addr": "module.cdn.module.logs.var.context",
      "status": "unknown",
      "objects": [
        {
          "object_addr": "module.cdn.module.logs.var.context",
          "status": "unknown"
        }
      ]
    },
    {
      "object_kind": "var",
      "config_addr": "module.cdn.module.dns.var.label_key_case",
      "status": "unknown",
      "objects": [
        {
          "object_addr": "module.cdn.module.dns.var.label_key_case",
          "status": "unknown"
        }
      ]
    },
    {
      "object_kind": "var",
      "config_addr": "module.cdn.module.logs.module.aws_s3_bucket.module.s3_user.module.s3_user.module.this.var.id_length_limit",
      "status": "unknown",
      "objects": [
        {
          "object_addr": "module.cdn.module.logs.module.aws_s3_bucket.module.s3_user.module.s3_user.module.this.var.id_length_limit",
          "status": "unknown"
        }
      ]
    },
    {
      "object_kind": "var",
      "config_addr": "module.cdn.module.logs.var.label_value_case",
      "status": "unknown",
      "objects": [
        {
          "object_addr": "module.cdn.module.logs.var.label_value_case",
          "status": "unknown"
        }
      ]
    },
    {
      "object_kind": "var",
      "config_addr": "module.cdn.module.dns.var.label_value_case",
      "status": "unknown",
      "objects": [
        {
          "object_addr": "module.cdn.module.dns.var.label_value_case",
          "status": "unknown"
        }
      ]
    },
    {
      "object_kind": "var",
      "config_addr": "module.cdn.module.dns.var.context",
      "status": "unknown",
      "objects": [
        {
          "object_addr": "module.cdn.module.dns.var.context",
          "status": "unknown"
        }
      ]
    },
    {
      "object_kind": "var",
      "config_addr": "module.cdn.module.logs.module.aws_s3_bucket.module.this.var.id_length_limit",
      "status": "unknown",
      "objects": [
        {
          "object_addr": "module.cdn.module.logs.module.aws_s3_bucket.module.this.var.id_length_limit",
          "status": "unknown"
        }
      ]
    },
    {
      "object_kind": "var",
      "config_addr": "module.cdn.module.logs.var.label_key_case",
      "status": "unknown",
      "objects": [
        {
          "object_addr": "module.cdn.module.logs.var.label_key_case",
          "status": "unknown"
        }
      ]
    },
    {
      "object_kind": "var",
      "config_addr": "module.cdn.module.logs.module.aws_s3_bucket.module.this.var.context",
      "status": "unknown",
      "objects": [
        {
          "object_addr": "module.cdn.module.logs.module.aws_s3_bucket.module.this.var.context",
          "status": "unknown"
        }
      ]
    },
    {
      "object_kind": "var",
      "config_addr": "module.cdn.module.logs.module.aws_s3_bucket.module.this.var.label_value_case",
      "status": "unknown",
      "objects": [
        {
          "object_addr": "module.cdn.module.logs.module.aws_s3_bucket.module.this.var.label_value_case",
          "status": "unknown"
        }
      ]
    },
    {
      "object_kind": "var",
      "config_addr": "module.cdn.module.origin_label.var.context",
      "status": "unknown",
      "objects": [
        {
          "object_addr": "module.cdn.module.origin_label.var.context",
          "status": "unknown"
        }
      ]
    },
    {
      "object_kind": "var",
      "config_addr": "module.cdn.module.logs.module.aws_s3_bucket.module.s3_user.module.this.var.label_value_case",
      "status": "unknown",
      "objects": [
        {
          "object_addr": "module.cdn.module.logs.module.aws_s3_bucket.module.s3_user.module.this.var.label_value_case",
          "status": "unknown"
        }
      ]
    },
    {
      "object_kind": "var",
      "config_addr": "module.cdn.module.logs.module.bucket_name.var.label_value_case",
      "status": "unknown",
      "objects": [
        {
          "object_addr": "module.cdn.module.logs.module.bucket_name.var.label_value_case",
          "status": "unknown"
        }
      ]
    },
    {
      "object_kind": "var",
      "config_addr": "module.acm_request_certificate.module.this.var.label_value_case",
      "status": "unknown",
      "objects": [
        {
          "object_addr": "module.acm_request_certificate.module.this.var.label_value_case",
          "status": "unknown"
        }
      ]
    },
    {
      "object_kind": "var",
      "config_addr": "module.cdn.module.logs.module.aws_s3_bucket.module.s3_user.module.s3_user.module.store_write.module.this.var.label_key_case",
      "status": "pass",
      "objects": null
    },
    {
      "object_kind": "var",
      "config_addr": "module.cdn.module.logs.module.aws_s3_bucket.module.s3_user.var.label_value_case",
      "status": "unknown",
      "objects": [
        {
          "object_addr": "module.cdn.module.logs.module.aws_s3_bucket.module.s3_user.var.label_value_case",
          "status": "unknown"
        }
      ]
    },
    {
      "object_kind": "var",
      "config_addr": "module.cdn.var.label_value_case",
      "status": "unknown",
      "objects": [
        {
          "object_addr": "module.cdn.var.label_value_case",
          "status": "unknown"
        }
      ]
    },
    {
      "object_kind": "var",
      "config_addr": "module.cdn.module.logs.module.aws_s3_bucket.module.s3_user.module.s3_user.module.store_write.var.context",
      "status": "pass",
      "objects": null
    },
    {
      "object_kind": "var",
      "config_addr": "module.cdn.module.logs.module.this.var.label_key_case",
      "status": "unknown",
      "objects": [
        {
          "object_addr": "module.cdn.module.logs.module.this.var.label_key_case",
          "status": "unknown"
        }
      ]
    },
    {
      "object_kind": "var",
      "config_addr": "module.cdn.module.logs.module.aws_s3_bucket.var.website_redirect_all_requests_to",
      "status": "unknown",
      "objects": [
        {
          "object_addr": "module.cdn.module.logs.module.aws_s3_bucket.var.website_redirect_all_requests_to",
          "status": "unknown"
        }
      ]
    },
    {
      "object_kind": "var",
      "config_addr": "module.cdn.module.logs.module.this.var.label_value_case",
      "status": "unknown",
      "objects": [
        {
          "object_addr": "module.cdn.module.logs.module.this.var.label_value_case",
          "status": "unknown"
        }
      ]
    },
    {
      "object_kind": "var",
      "config_addr": "module.cdn.module.logs.module.aws_s3_bucket.module.this.var.label_key_case",
      "status": "unknown",
      "objects": [
        {
          "object_addr": "module.cdn.module.logs.module.aws_s3_bucket.module.this.var.label_key_case",
          "status": "unknown"
        }
      ]
    },
    {
      "object_kind": "var",
      "config_addr": "module.cdn.var.context",
      "status": "unknown",
      "objects": [
        {
          "object_addr": "module.cdn.var.context",
          "status": "unknown"
        }
      ]
    },
    {
      "object_kind": "var",
      "config_addr": "module.cdn.module.logs.module.aws_s3_bucket.module.s3_user.module.this.var.id_length_limit",
      "status": "unknown",
      "objects": [
        {
          "object_addr": "module.cdn.module.logs.module.aws_s3_bucket.module.s3_user.module.this.var.id_length_limit",
          "status": "unknown"
        }
      ]
    },
    {
      "object_kind": "var",
      "config_addr": "module.cdn.module.logs.module.this.var.id_length_limit",
      "status": "unknown",
      "objects": [
        {
          "object_addr": "module.cdn.module.logs.module.this.var.id_length_limit",
          "status": "unknown"
        }
      ]
    },
    {
      "object_kind": "var",
      "config_addr": "module.acm_request_certificate.var.subject_alternative_names",
      "status": "unknown",
      "objects": [
        {
          "object_addr": "module.acm_request_certificate.var.subject_alternative_names",
          "status": "unknown"
        }
      ]
    },
    {
      "object_kind": "var",
      "config_addr": "module.cdn.module.logs.module.aws_s3_bucket.module.s3_user.module.s3_user.var.label_key_case",
      "status": "unknown",
      "objects": [
        {
          "object_addr": "module.cdn.module.logs.module.aws_s3_bucket.module.s3_user.module.s3_user.var.label_key_case",
          "status": "unknown"
        }
      ]
    },
    {
      "object_kind": "var",
      "config_addr": "module.cdn.module.logs.module.aws_s3_bucket.module.s3_user.module.s3_user.module.store_write.module.this.var.id_length_limit",
      "status": "pass",
      "objects": null
    },
    {
      "object_kind": "var",
      "config_addr": "module.cdn.module.this.var.label_value_case",
      "status": "unknown",
      "objects": [
        {
          "object_addr": "module.cdn.module.this.var.label_value_case",
          "status": "unknown"
        }
      ]
    },
    {
      "object_kind": "var",
      "config_addr": "module.acm_request_certificate.module.this.var.context",
      "status": "unknown",
      "objects": [
        {
          "object_addr": "module.acm_request_certificate.module.this.var.context",
          "status": "unknown"
        }
      ]
    },
    {
      "object_kind": "var",
      "config_addr": "module.cdn.module.logs.module.aws_s3_bucket.var.label_key_case",
      "status": "unknown",
      "objects": [
        {
          "object_addr": "module.cdn.module.logs.module.aws_s3_bucket.var.label_key_case",
          "status": "unknown"
        }
      ]
    },
    {
      "object_kind": "var",
      "config_addr": "module.cdn.module.origin_label.var.label_key_case",
      "status": "unknown",
      "objects": [
        {
          "object_addr": "module.cdn.module.origin_label.var.label_key_case",
          "status": "unknown"
        }
      ]
    },
    {
      "object_kind": "var",
      "config_addr": "module.acm_request_certificate.var.context",
      "status": "unknown",
      "objects": [
        {
          "object_addr": "module.acm_request_certificate.var.context",
          "status": "unknown"
        }
      ]
    },
    {
      "object_kind": "var",
      "config_addr": "module.cdn.module.dns.module.this.var.label_value_case",
      "status": "unknown",
      "objects": [
        {
          "object_addr": "module.cdn.module.dns.module.this.var.label_value_case",
          "status": "unknown"
        }
      ]
    },
    {
      "object_kind": "var",
      "config_addr": "module.cdn.module.logs.module.aws_s3_bucket.var.website_configuration",
      "status": "unknown",
      "objects": [
        {
          "object_addr": "module.cdn.module.logs.module.aws_s3_bucket.var.website_configuration",
          "status": "unknown"
        }
      ]
    },
    {
      "object_kind": "var",
      "config_addr": "module.cdn.module.logs.module.aws_s3_bucket.module.s3_user.module.s3_user.module.this.var.context",
      "status": "unknown",
      "objects": [
        {
          "object_addr": "module.cdn.module.logs.module.aws_s3_bucket.module.s3_user.module.s3_user.module.this.var.context",
          "status": "unknown"
        }
      ]
    },
    {
      "object_kind": "var",
      "config_addr": "module.acm_request_certificate.var.label_value_case",
      "status": "unknown",
      "objects": [
        {
          "object_addr": "module.acm_request_certificate.var.label_value_case",
          "status": "unknown"
        }
      ]
    },
    {
      "object_kind": "var",
      "config_addr": "module.cdn.module.logs.module.aws_s3_bucket.module.s3_user.module.s3_user.var.label_value_case",
      "status": "unknown",
      "objects": [
        {
          "object_addr": "module.cdn.module.logs.module.aws_s3_bucket.module.s3_user.module.s3_user.var.label_value_case",
          "status": "unknown"
        }
      ]
    },
    {
      "object_kind": "var",
      "config_addr": "module.cdn.module.logs.module.aws_s3_bucket.module.s3_user.module.s3_user.module.this.var.label_value_case",
      "status": "unknown",
      "objects": [
        {
          "object_addr": "module.cdn.module.logs.module.aws_s3_bucket.module.s3_user.module.s3_user.module.this.var.label_value_case",
          "status": "unknown"
        }
      ]
    },
    {
      "object_kind": "var",
      "config_addr": "module.cdn.module.logs.module.aws_s3_bucket.module.s3_user.module.s3_user.module.store_write.module.this.var.context",
      "status": "pass",
      "objects": null
    },
    {
      "object_kind": "var",
      "config_addr": "module.cdn.module.logs.module.aws_s3_bucket.var.id_length_limit",
      "status": "unknown",
      "objects": [
        {
          "object_addr": "module.cdn.module.logs.module.aws_s3_bucket.var.id_length_limit",
          "status": "unknown"
        }
      ]
    },
    {
      "object_kind": "var",
      "config_addr": "module.cdn.var.label_key_case",
      "status": "unknown",
      "objects": [
        {
          "object_addr": "module.cdn.var.label_key_case",
          "status": "unknown"
        }
      ]
    },
    {
      "object_kind": "var",
      "config_addr": "module.cdn.module.logs.module.aws_s3_bucket.module.s3_user.module.s3_user.module.store_write.var.label_key_case",
      "status": "pass",
      "objects": null
    },
    {
      "object_kind": "var",
      "config_addr": "module.cdn.module.logs.module.bucket_name.var.context",
      "status": "unknown",
      "objects": [
        {
          "object_addr": "module.cdn.module.logs.module.bucket_name.var.context",
          "status": "unknown"
        }
      ]
    },
    {
      "object_kind": "var",
      "config_addr": "module.cdn.module.logs.module.aws_s3_bucket.module.s3_user.module.s3_user.module.this.var.label_key_case",
      "status": "unknown",
      "objects": [
        {
          "object_addr": "module.cdn.module.logs.module.aws_s3_bucket.module.s3_user.module.s3_user.module.this.var.label_key_case",
          "status": "unknown"
        }
      ]
    },
    {
      "object_kind": "var",
      "config_addr": "module.cdn.module.this.var.label_key_case",
      "status": "unknown",
      "objects": [
        {
          "object_addr": "module.cdn.module.this.var.label_key_case",
          "status": "unknown"
        }
      ]
    },
    {
      "object_kind": "var",
      "config_addr": "module.cdn.module.logs.module.aws_s3_bucket.module.s3_user.module.s3_user.module.store_write.var.id_length_limit",
      "status": "pass",
      "objects": null
    },
    {
      "object_kind": "var",
      "config_addr": "module.acm_request_certificate.module.this.var.label_key_case",
      "status": "unknown",
      "objects": [
        {
          "object_addr": "module.acm_request_certificate.module.this.var.label_key_case",
          "status": "unknown"
        }
      ]
    },
    {
      "object_kind": "var",
      "config_addr": "module.cdn.module.dns.module.this.var.id_length_limit",
      "status": "unknown",
      "objects": [
        {
          "object_addr": "module.cdn.module.dns.module.this.var.id_length_limit",
          "status": "unknown"
        }
      ]
    },
    {
      "object_kind": "var",
      "config_addr": "module.acm_request_certificate.module.this.var.id_length_limit",
      "status": "unknown",
      "objects": [
        {
          "object_addr": "module.acm_request_certificate.module.this.var.id_length_limit",
          "status": "unknown"
        }
      ]
    },
    {
      "object_kind": "var",
      "config_addr": "module.cdn.module.logs.module.bucket_name.var.label_key_case",
      "status": "unknown",
      "objects": [
        {
          "object_addr": "module.cdn.module.logs.module.bucket_name.var.label_key_case",
          "status": "unknown"
        }
      ]
    },
    {
      "object_kind": "var",
      "config_addr": "module.cdn.module.this.var.id_length_limit",
      "status": "unknown",
      "objects": [
        {
          "object_addr": "module.cdn.module.this.var.id_length_limit",
          "status": "unknown"
        }
      ]
    },
    {
      "object_kind": "var",
      "config_addr": "module.cdn.module.logs.module.aws_s3_bucket.module.s3_user.var.id_length_limit",
      "status": "unknown",
      "objects": [
        {
          "object_addr": "module.cdn.module.logs.module.aws_s3_bucket.module.s3_user.var.id_length_limit",
          "status": "unknown"
        }
      ]
    },
    {
      "object_kind": "var",
      "config_addr": "module.cdn.module.this.var.context",
      "status": "unknown",
      "objects": [
        {
          "object_addr": "module.cdn.module.this.var.context",
          "status": "unknown"
        }
      ]
    },
    {
      "object_kind": "var",
      "config_addr": "module.cdn.module.logs.module.aws_s3_bucket.module.s3_user.module.s3_user.var.id_length_limit",
      "status": "unknown",
      "objects": [
        {
          "object_addr": "module.cdn.module.logs.module.aws_s3_bucket.module.s3_user.module.s3_user.var.id_length_limit",
          "status": "unknown"
        }
      ]
    }
  ]
}
